// !$*UTF8*$!
{
	archiveVersion = 1;
	classes = {
	};
	objectVersion = 46;
	objects = {

/* Begin PBXBuildFile section */
		4C07231F1856686B00D6E63C /* YMGenericTableViewController.m in Sources */ = {isa = PBXBuildFile; fileRef = 4C07231E1856686B00D6E63C /* YMGenericTableViewController.m */; };
		4C0723391856AB9400D6E63C /* XMLParser.m in Sources */ = {isa = PBXBuildFile; fileRef = 4C0723381856AB9400D6E63C /* XMLParser.m */; };
		4C07233C1856AE5F00D6E63C /* TestNSXMLParser.m in Sources */ = {isa = PBXBuildFile; fileRef = 4C07233B1856AE5F00D6E63C /* TestNSXMLParser.m */; };
		4C07233E1857AD7D00D6E63C /* TestXMLParser.m in Sources */ = {isa = PBXBuildFile; fileRef = 4C07233D1857AD7D00D6E63C /* TestXMLParser.m */; };
		4C0723481858C28800D6E63C /* background.png in Resources */ = {isa = PBXBuildFile; fileRef = 4C0723471858C28800D6E63C /* background.png */; };
		4C07234A1858F14B00D6E63C /* sample_music_background.jpg in Resources */ = {isa = PBXBuildFile; fileRef = 4C0723491858F14B00D6E63C /* sample_music_background.jpg */; };
		4C31797918440EA700F7D41B /* Foundation.framework in Frameworks */ = {isa = PBXBuildFile; fileRef = 4C31797818440EA700F7D41B /* Foundation.framework */; };
		4C31797B18440EA700F7D41B /* CoreGraphics.framework in Frameworks */ = {isa = PBXBuildFile; fileRef = 4C31797A18440EA700F7D41B /* CoreGraphics.framework */; };
		4C31797D18440EA700F7D41B /* UIKit.framework in Frameworks */ = {isa = PBXBuildFile; fileRef = 4C31797C18440EA700F7D41B /* UIKit.framework */; };
		4C31798318440EA700F7D41B /* InfoPlist.strings in Resources */ = {isa = PBXBuildFile; fileRef = 4C31798118440EA700F7D41B /* InfoPlist.strings */; };
		4C31799118440EA700F7D41B /* Images.xcassets in Resources */ = {isa = PBXBuildFile; fileRef = 4C31799018440EA700F7D41B /* Images.xcassets */; };
		4C31799818440EA700F7D41B /* XCTest.framework in Frameworks */ = {isa = PBXBuildFile; fileRef = 4C31799718440EA700F7D41B /* XCTest.framework */; };
		4C31799918440EA700F7D41B /* Foundation.framework in Frameworks */ = {isa = PBXBuildFile; fileRef = 4C31797818440EA700F7D41B /* Foundation.framework */; };
		4C31799A18440EA700F7D41B /* UIKit.framework in Frameworks */ = {isa = PBXBuildFile; fileRef = 4C31797C18440EA700F7D41B /* UIKit.framework */; };
		4C3179A218440EA700F7D41B /* InfoPlist.strings in Resources */ = {isa = PBXBuildFile; fileRef = 4C3179A018440EA700F7D41B /* InfoPlist.strings */; };
		4C3179A418440EA700F7D41B /* MusicTests.m in Sources */ = {isa = PBXBuildFile; fileRef = 4C3179A318440EA700F7D41B /* MusicTests.m */; };
		4C3179B418440F4800F7D41B /* Song.m in Sources */ = {isa = PBXBuildFile; fileRef = 4C3179B118440F4800F7D41B /* Song.m */; };
		4C3179B518440F4800F7D41B /* Song.xcdatamodeld in Sources */ = {isa = PBXBuildFile; fileRef = 4C3179B218440F4800F7D41B /* Song.xcdatamodeld */; };
		4C3179BA18440F5300F7D41B /* AppDelegate.m in Sources */ = {isa = PBXBuildFile; fileRef = 4C3179B718440F5300F7D41B /* AppDelegate.m */; };
		4C3179C218440FAA00F7D41B /* CoreData.framework in Frameworks */ = {isa = PBXBuildFile; fileRef = 4C3179C118440FAA00F7D41B /* CoreData.framework */; };
		4C3179C71844103400F7D41B /* SampleMusicViewController.m in Sources */ = {isa = PBXBuildFile; fileRef = 4C3179C41844103400F7D41B /* SampleMusicViewController.m */; };
		4C3179C81844103400F7D41B /* TableViewController.m in Sources */ = {isa = PBXBuildFile; fileRef = 4C3179C61844103400F7D41B /* TableViewController.m */; };
		4C3179CA1844107800F7D41B /* AVFoundation.framework in Frameworks */ = {isa = PBXBuildFile; fileRef = 4C3179C91844107800F7D41B /* AVFoundation.framework */; };
		4C3179CC1844107D00F7D41B /* MediaPlayer.framework in Frameworks */ = {isa = PBXBuildFile; fileRef = 4C3179CB1844107D00F7D41B /* MediaPlayer.framework */; };
		4C3179D0184410C300F7D41B /* main.m in Sources */ = {isa = PBXBuildFile; fileRef = 4C3179CD184410C300F7D41B /* main.m */; };
		4C3179D1184410C300F7D41B /* Beet-Info.plist in Resources */ = {isa = PBXBuildFile; fileRef = 4C3179CE184410C300F7D41B /* Beet-Info.plist */; };
		4C4C90121853B43600585F4E /* LiveFeedViewController.m in Sources */ = {isa = PBXBuildFile; fileRef = 4C4C90111853B43600585F4E /* LiveFeedViewController.m */; };
		4C4C90151853B44A00585F4E /* ShareViewController.m in Sources */ = {isa = PBXBuildFile; fileRef = 4C4C90141853B44A00585F4E /* ShareViewController.m */; };
		4C4C90181853B46200585F4E /* ListenedViewController.m in Sources */ = {isa = PBXBuildFile; fileRef = 4C4C90171853B46200585F4E /* ListenedViewController.m */; };
		4C4C901B1853B47300585F4E /* FriendsViewController.m in Sources */ = {isa = PBXBuildFile; fileRef = 4C4C901A1853B47300585F4E /* FriendsViewController.m */; };
		4C4C901E1853B47E00585F4E /* UserViewController.m in Sources */ = {isa = PBXBuildFile; fileRef = 4C4C901D1853B47E00585F4E /* UserViewController.m */; };
		4CA5DB8A1853C317006E7B0F /* SideMenuViewController.m in Sources */ = {isa = PBXBuildFile; fileRef = 4CA5DB891853C317006E7B0F /* SideMenuViewController.m */; };
		4CA88E841853FB65005D0FE0 /* SideMenuRowViewController.m in Sources */ = {isa = PBXBuildFile; fileRef = 4CA88E831853FB65005D0FE0 /* SideMenuRowViewController.m */; };
		4CA88E871854034D005D0FE0 /* YMGenericTableViewCell.m in Sources */ = {isa = PBXBuildFile; fileRef = 4CA88E861854034D005D0FE0 /* YMGenericTableViewCell.m */; };
		4CD0D6EE1851234900350E0C /* MainViewController.m in Sources */ = {isa = PBXBuildFile; fileRef = 4CD0D6ED1851234900350E0C /* MainViewController.m */; };
		4CD0D6F31851281800350E0C /* Parse.framework in Frameworks */ = {isa = PBXBuildFile; fileRef = 4CD0D6F21851281800350E0C /* Parse.framework */; settings = {ATTRIBUTES = (Required, ); }; };
		4CE6C36A186CBBFC0028F963 /* MainBG.png in Resources */ = {isa = PBXBuildFile; fileRef = 4CE6C369186CBBFC0028F963 /* MainBG.png */; };
		4CE6C371186CBE890028F963 /* SignUp.png in Resources */ = {isa = PBXBuildFile; fileRef = 4CE6C36D186CBE890028F963 /* SignUp.png */; };
		4CE6C372186CBE890028F963 /* SignUpDown.png in Resources */ = {isa = PBXBuildFile; fileRef = 4CE6C36E186CBE890028F963 /* SignUpDown.png */; };
		4CE6C375186CBEFD0028F963 /* LogIn.png in Resources */ = {isa = PBXBuildFile; fileRef = 4CE6C373186CBEFD0028F963 /* LogIn.png */; };
		4CE6C376186CBEFD0028F963 /* LogInDown.png in Resources */ = {isa = PBXBuildFile; fileRef = 4CE6C374186CBEFD0028F963 /* LogInDown.png */; };
		4CE6C379186CD5310028F963 /* Facebook.png in Resources */ = {isa = PBXBuildFile; fileRef = 4CE6C377186CD5310028F963 /* Facebook.png */; };
		4CE6C37A186CD5310028F963 /* FacebookDown.png in Resources */ = {isa = PBXBuildFile; fileRef = 4CE6C378186CD5310028F963 /* FacebookDown.png */; };
		4CE6C37D186CD8880028F963 /* PasswordForgotten.png in Resources */ = {isa = PBXBuildFile; fileRef = 4CE6C37B186CD8880028F963 /* PasswordForgotten.png */; };
		4CE6C37E186CD8880028F963 /* PasswordForgottenDown.png in Resources */ = {isa = PBXBuildFile; fileRef = 4CE6C37C186CD8880028F963 /* PasswordForgottenDown.png */; };
		4CE6C380186CDAF80028F963 /* Logo.png in Resources */ = {isa = PBXBuildFile; fileRef = 4CE6C37F186CDAF80028F963 /* Logo.png */; };
		4CE6C383186CDFB00028F963 /* Exit.png in Resources */ = {isa = PBXBuildFile; fileRef = 4CE6C381186CDFB00028F963 /* Exit.png */; };
		4CE6C387186CE22E0028F963 /* LoginFieldBG.png in Resources */ = {isa = PBXBuildFile; fileRef = 4CE6C385186CE22E0028F963 /* LoginFieldBG.png */; };
		4CE6C388186CE22E0028F963 /* SignUpFieldBG.png in Resources */ = {isa = PBXBuildFile; fileRef = 4CE6C386186CE22E0028F963 /* SignUpFieldBG.png */; };
		4CE6C3AA186CE2BF0028F963 /* MMCenterTableViewCell.m in Sources */ = {isa = PBXBuildFile; fileRef = 4CE6C38A186CE2BF0028F963 /* MMCenterTableViewCell.m */; };
		4CE6C3AB186CE2BF0028F963 /* MMDrawerBarButtonItem.m in Sources */ = {isa = PBXBuildFile; fileRef = 4CE6C38C186CE2BF0028F963 /* MMDrawerBarButtonItem.m */; };
		4CE6C3AC186CE2BF0028F963 /* MMDrawerController.m in Sources */ = {isa = PBXBuildFile; fileRef = 4CE6C38E186CE2BF0028F963 /* MMDrawerController.m */; };
		4CE6C3AD186CE2BF0028F963 /* MMDrawerControllerKitchenSink-Info.plist in Resources */ = {isa = PBXBuildFile; fileRef = 4CE6C390186CE2BF0028F963 /* MMDrawerControllerKitchenSink-Info.plist */; };
		4CE6C3AE186CE2BF0028F963 /* MMDrawerVisualState.m in Sources */ = {isa = PBXBuildFile; fileRef = 4CE6C393186CE2BF0028F963 /* MMDrawerVisualState.m */; };
		4CE6C3AF186CE2BF0028F963 /* MMExampleCenterTableViewController.m in Sources */ = {isa = PBXBuildFile; fileRef = 4CE6C395186CE2BF0028F963 /* MMExampleCenterTableViewController.m */; };
		4CE6C3B0186CE2BF0028F963 /* MMExampleDrawerVisualStateManager.m in Sources */ = {isa = PBXBuildFile; fileRef = 4CE6C397186CE2BF0028F963 /* MMExampleDrawerVisualStateManager.m */; };
		4CE6C3B1186CE2BF0028F963 /* MMExampleLeftSideDrawerViewController.m in Sources */ = {isa = PBXBuildFile; fileRef = 4CE6C399186CE2BF0028F963 /* MMExampleLeftSideDrawerViewController.m */; };
		4CE6C3B2186CE2BF0028F963 /* MMExampleRightSideDrawerViewController.m in Sources */ = {isa = PBXBuildFile; fileRef = 4CE6C39B186CE2BF0028F963 /* MMExampleRightSideDrawerViewController.m */; };
		4CE6C3B3186CE2BF0028F963 /* MMExampleSideDrawerViewController.m in Sources */ = {isa = PBXBuildFile; fileRef = 4CE6C39D186CE2BF0028F963 /* MMExampleSideDrawerViewController.m */; };
		4CE6C3B4186CE2BF0028F963 /* MMExampleViewController.m in Sources */ = {isa = PBXBuildFile; fileRef = 4CE6C39F186CE2BF0028F963 /* MMExampleViewController.m */; };
		4CE6C3B5186CE2BF0028F963 /* MMLogoView.m in Sources */ = {isa = PBXBuildFile; fileRef = 4CE6C3A1186CE2BF0028F963 /* MMLogoView.m */; };
		4CE6C3B6186CE2BF0028F963 /* MMNavigationController.m in Sources */ = {isa = PBXBuildFile; fileRef = 4CE6C3A3186CE2BF0028F963 /* MMNavigationController.m */; };
		4CE6C3B7186CE2BF0028F963 /* MMSideDrawerSectionHeaderView.m in Sources */ = {isa = PBXBuildFile; fileRef = 4CE6C3A5186CE2BF0028F963 /* MMSideDrawerSectionHeaderView.m */; };
		4CE6C3B8186CE2BF0028F963 /* MMSideDrawerTableViewCell.m in Sources */ = {isa = PBXBuildFile; fileRef = 4CE6C3A7186CE2BF0028F963 /* MMSideDrawerTableViewCell.m */; };
		4CE6C3B9186CE2BF0028F963 /* MMTableViewCell.m in Sources */ = {isa = PBXBuildFile; fileRef = 4CE6C3A9186CE2BF0028F963 /* MMTableViewCell.m */; };
		4CE6C3BE186CE3070028F963 /* MyLogInViewController.m in Sources */ = {isa = PBXBuildFile; fileRef = 4CE6C3BB186CE3070028F963 /* MyLogInViewController.m */; };
		4CE6C3BF186CE3070028F963 /* MySignUpViewController.m in Sources */ = {isa = PBXBuildFile; fileRef = 4CE6C3BD186CE3070028F963 /* MySignUpViewController.m */; };
		4CE6C3C2186CE3380028F963 /* SubclassConfigViewController.m in Sources */ = {isa = PBXBuildFile; fileRef = 4CE6C3C1186CE3380028F963 /* SubclassConfigViewController.m */; };
		4CE6C3C5186CE3430028F963 /* UIViewController+MMDrawerController.m in Sources */ = {isa = PBXBuildFile; fileRef = 4CE6C3C4186CE3430028F963 /* UIViewController+MMDrawerController.m */; };
		4CE6C3C8186DE6CF0028F963 /* FindFriendsViewController.m in Sources */ = {isa = PBXBuildFile; fileRef = 4CE6C3C7186DE6CF0028F963 /* FindFriendsViewController.m */; };
		4CE6C3CB186E62B70028F963 /* SampleMusic.storyboard in Resources */ = {isa = PBXBuildFile; fileRef = 4CE6C3C9186E62B70028F963 /* SampleMusic.storyboard */; };
		4CE6C3CC186E62B70028F963 /* User.storyboard in Resources */ = {isa = PBXBuildFile; fileRef = 4CE6C3CA186E62B70028F963 /* User.storyboard */; };
		4CE6C3CE186E639A0028F963 /* Main.storyboard in Resources */ = {isa = PBXBuildFile; fileRef = 4CE6C3CD186E639A0028F963 /* Main.storyboard */; };
		4CE6C3D1186E6A020028F963 /* WelcomeViewController.m in Sources */ = {isa = PBXBuildFile; fileRef = 4CE6C3D0186E6A020028F963 /* WelcomeViewController.m */; };
		4CE6C3E8186E844B0028F963 /* welcome0.png in Resources */ = {isa = PBXBuildFile; fileRef = 4CE6C3E5186E844B0028F963 /* welcome0.png */; };
		4CE6C3E9186E844B0028F963 /* welcome1.png in Resources */ = {isa = PBXBuildFile; fileRef = 4CE6C3E6186E844B0028F963 /* welcome1.png */; };
		4CE6C3EA186E844B0028F963 /* welcome2.png in Resources */ = {isa = PBXBuildFile; fileRef = 4CE6C3E7186E844B0028F963 /* welcome2.png */; };
		4CE6C3EC186F2C230028F963 /* FindFriendsStoryboard.storyboard in Resources */ = {isa = PBXBuildFile; fileRef = 4CE6C3EB186F2C230028F963 /* FindFriendsStoryboard.storyboard */; };
		4CE6C3EF186F52410028F963 /* settings-32.png in Resources */ = {isa = PBXBuildFile; fileRef = 4CE6C3EE186F52410028F963 /* settings-32.png */; };
		4CE6C3F1186F52A60028F963 /* settings-32-highlight.png in Resources */ = {isa = PBXBuildFile; fileRef = 4CE6C3F0186F52A60028F963 /* settings-32-highlight.png */; };
		4CE6C3F6186F55090028F963 /* SettingStoryboard.storyboard in Resources */ = {isa = PBXBuildFile; fileRef = 4CE6C3F5186F55090028F963 /* SettingStoryboard.storyboard */; };
		4CE6C3FC186F594F0028F963 /* SettingViewController.m in Sources */ = {isa = PBXBuildFile; fileRef = 4CE6C3FB186F594F0028F963 /* SettingViewController.m */; };
		4CE6C402186F5F090028F963 /* conference-24.png in Resources */ = {isa = PBXBuildFile; fileRef = 4CE6C3FD186F5F090028F963 /* conference-24.png */; };
		4CE6C403186F5F090028F963 /* dj-24.png in Resources */ = {isa = PBXBuildFile; fileRef = 4CE6C3FE186F5F090028F963 /* dj-24.png */; };
		4CE6C404186F5F090028F963 /* newspaper-10-24.png in Resources */ = {isa = PBXBuildFile; fileRef = 4CE6C3FF186F5F090028F963 /* newspaper-10-24.png */; };
		4CE6C405186F5F090028F963 /* sharethis-3-24.png in Resources */ = {isa = PBXBuildFile; fileRef = 4CE6C400186F5F090028F963 /* sharethis-3-24.png */; };
		4CE6C406186F5F090028F963 /* undo-2-24.png in Resources */ = {isa = PBXBuildFile; fileRef = 4CE6C401186F5F090028F963 /* undo-2-24.png */; };
		4CE6C408186F5FAC0028F963 /* undo-2-16.png in Resources */ = {isa = PBXBuildFile; fileRef = 4CE6C407186F5FAC0028F963 /* undo-2-16.png */; };
		4CEBEE2D184ADEA80018ABE0 /* SystemConfiguration.framework in Frameworks */ = {isa = PBXBuildFile; fileRef = 4CEBEE2C184ADEA80018ABE0 /* SystemConfiguration.framework */; };
		4CEBEE2F184ADEDF0018ABE0 /* CFNetwork.framework in Frameworks */ = {isa = PBXBuildFile; fileRef = 4CEBEE2E184ADEDF0018ABE0 /* CFNetwork.framework */; };
		4CEBEE31184ADEE80018ABE0 /* MobileCoreServices.framework in Frameworks */ = {isa = PBXBuildFile; fileRef = 4CEBEE30184ADEE80018ABE0 /* MobileCoreServices.framework */; };
		4CEBEE33184ADEFC0018ABE0 /* CoreFoundation.framework in Frameworks */ = {isa = PBXBuildFile; fileRef = 4CEBEE32184ADEFC0018ABE0 /* CoreFoundation.framework */; };
		4CEBEE35184ADF0C0018ABE0 /* libxml2.dylib in Frameworks */ = {isa = PBXBuildFile; fileRef = 4CEBEE34184ADF0C0018ABE0 /* libxml2.dylib */; };
		4CEBEE41184CE16C0018ABE0 /* CoreLocation.framework in Frameworks */ = {isa = PBXBuildFile; fileRef = 4CEBEE40184CE16B0018ABE0 /* CoreLocation.framework */; };
		4CEE7D27186F624F0012624D /* Setting.m in Sources */ = {isa = PBXBuildFile; fileRef = 4CEE7D26186F624F0012624D /* Setting.m */; };
		EF77F77D7AA64C47900A60DB /* libPods.a in Frameworks */ = {isa = PBXBuildFile; fileRef = F724E3B98E8440059B00A6C0 /* libPods.a */; };
/* End PBXBuildFile section */

/* Begin PBXContainerItemProxy section */
		4C31799B18440EA700F7D41B /* PBXContainerItemProxy */ = {
			isa = PBXContainerItemProxy;
			containerPortal = 4C31796D18440EA700F7D41B /* Project object */;
			proxyType = 1;
			remoteGlobalIDString = 4C31797418440EA700F7D41B;
			remoteInfo = Music;
		};
/* End PBXContainerItemProxy section */

/* Begin PBXFileReference section */
		4C07231D1856686B00D6E63C /* YMGenericTableViewController.h */ = {isa = PBXFileReference; fileEncoding = 4; lastKnownFileType = sourcecode.c.h; name = YMGenericTableViewController.h; path = Controller/Function/YMGenericTableViewController.h; sourceTree = "<group>"; };
		4C07231E1856686B00D6E63C /* YMGenericTableViewController.m */ = {isa = PBXFileReference; fileEncoding = 4; lastKnownFileType = sourcecode.c.objc; name = YMGenericTableViewController.m; path = Controller/Function/YMGenericTableViewController.m; sourceTree = "<group>"; };
		4C0723371856AB9400D6E63C /* XMLParser.h */ = {isa = PBXFileReference; fileEncoding = 4; lastKnownFileType = sourcecode.c.h; name = XMLParser.h; path = Model/XMLParser.h; sourceTree = "<group>"; };
		4C0723381856AB9400D6E63C /* XMLParser.m */ = {isa = PBXFileReference; fileEncoding = 4; lastKnownFileType = sourcecode.c.objc; name = XMLParser.m; path = Model/XMLParser.m; sourceTree = "<group>"; };
		4C07233B1856AE5F00D6E63C /* TestNSXMLParser.m */ = {isa = PBXFileReference; fileEncoding = 4; lastKnownFileType = sourcecode.c.objc; name = TestNSXMLParser.m; path = XMLTest/TestNSXMLParser.m; sourceTree = "<group>"; };
		4C07233D1857AD7D00D6E63C /* TestXMLParser.m */ = {isa = PBXFileReference; fileEncoding = 4; lastKnownFileType = sourcecode.c.objc; name = TestXMLParser.m; path = XMLTest/TestXMLParser.m; sourceTree = "<group>"; };
		4C0723471858C28800D6E63C /* background.png */ = {isa = PBXFileReference; lastKnownFileType = image.png; name = background.png; path = Resource/background.png; sourceTree = "<group>"; };
		4C0723491858F14B00D6E63C /* sample_music_background.jpg */ = {isa = PBXFileReference; lastKnownFileType = image.jpeg; name = sample_music_background.jpg; path = Resource/sample_music_background.jpg; sourceTree = "<group>"; };
		4C31797518440EA700F7D41B /* Beet.app */ = {isa = PBXFileReference; explicitFileType = wrapper.application; includeInIndex = 0; path = Beet.app; sourceTree = BUILT_PRODUCTS_DIR; };
		4C31797818440EA700F7D41B /* Foundation.framework */ = {isa = PBXFileReference; lastKnownFileType = wrapper.framework; name = Foundation.framework; path = System/Library/Frameworks/Foundation.framework; sourceTree = SDKROOT; };
		4C31797A18440EA700F7D41B /* CoreGraphics.framework */ = {isa = PBXFileReference; lastKnownFileType = wrapper.framework; name = CoreGraphics.framework; path = System/Library/Frameworks/CoreGraphics.framework; sourceTree = SDKROOT; };
		4C31797C18440EA700F7D41B /* UIKit.framework */ = {isa = PBXFileReference; lastKnownFileType = wrapper.framework; name = UIKit.framework; path = System/Library/Frameworks/UIKit.framework; sourceTree = SDKROOT; };
		4C31798218440EA700F7D41B /* en */ = {isa = PBXFileReference; lastKnownFileType = text.plist.strings; name = en; path = en.lproj/InfoPlist.strings; sourceTree = "<group>"; };
		4C31799018440EA700F7D41B /* Images.xcassets */ = {isa = PBXFileReference; lastKnownFileType = folder.assetcatalog; path = Images.xcassets; sourceTree = "<group>"; };
		4C31799618440EA700F7D41B /* BeetTests.xctest */ = {isa = PBXFileReference; explicitFileType = wrapper.cfbundle; includeInIndex = 0; path = BeetTests.xctest; sourceTree = BUILT_PRODUCTS_DIR; };
		4C31799718440EA700F7D41B /* XCTest.framework */ = {isa = PBXFileReference; lastKnownFileType = wrapper.framework; name = XCTest.framework; path = Library/Frameworks/XCTest.framework; sourceTree = DEVELOPER_DIR; };
		4C31799F18440EA700F7D41B /* BeetTests-Info.plist */ = {isa = PBXFileReference; lastKnownFileType = text.plist.xml; path = "BeetTests-Info.plist"; sourceTree = "<group>"; };
		4C3179A118440EA700F7D41B /* en */ = {isa = PBXFileReference; lastKnownFileType = text.plist.strings; name = en; path = en.lproj/InfoPlist.strings; sourceTree = "<group>"; };
		4C3179A318440EA700F7D41B /* MusicTests.m */ = {isa = PBXFileReference; lastKnownFileType = sourcecode.c.objc; path = MusicTests.m; sourceTree = "<group>"; };
		4C3179B018440F4800F7D41B /* Song.h */ = {isa = PBXFileReference; fileEncoding = 4; lastKnownFileType = sourcecode.c.h; name = Song.h; path = Model/Song.h; sourceTree = "<group>"; };
		4C3179B118440F4800F7D41B /* Song.m */ = {isa = PBXFileReference; fileEncoding = 4; lastKnownFileType = sourcecode.c.objc; name = Song.m; path = Model/Song.m; sourceTree = "<group>"; };
		4C3179B318440F4800F7D41B /* Song.xcdatamodel */ = {isa = PBXFileReference; lastKnownFileType = wrapper.xcdatamodel; path = Song.xcdatamodel; sourceTree = "<group>"; };
		4C3179B618440F5300F7D41B /* AppDelegate.h */ = {isa = PBXFileReference; fileEncoding = 4; lastKnownFileType = sourcecode.c.h; name = AppDelegate.h; path = Controller/AppDelegate.h; sourceTree = "<group>"; };
		4C3179B718440F5300F7D41B /* AppDelegate.m */ = {isa = PBXFileReference; fileEncoding = 4; lastKnownFileType = sourcecode.c.objc; name = AppDelegate.m; path = Controller/AppDelegate.m; sourceTree = "<group>"; };
		4C3179C118440FAA00F7D41B /* CoreData.framework */ = {isa = PBXFileReference; lastKnownFileType = wrapper.framework; name = CoreData.framework; path = System/Library/Frameworks/CoreData.framework; sourceTree = SDKROOT; };
		4C3179C31844103400F7D41B /* SampleMusicViewController.h */ = {isa = PBXFileReference; fileEncoding = 4; lastKnownFileType = sourcecode.c.h; name = SampleMusicViewController.h; path = Controller/SampleMusicViewController.h; sourceTree = "<group>"; };
		4C3179C41844103400F7D41B /* SampleMusicViewController.m */ = {isa = PBXFileReference; fileEncoding = 4; lastKnownFileType = sourcecode.c.objc; name = SampleMusicViewController.m; path = Controller/SampleMusicViewController.m; sourceTree = "<group>"; };
		4C3179C51844103400F7D41B /* TableViewController.h */ = {isa = PBXFileReference; fileEncoding = 4; lastKnownFileType = sourcecode.c.h; name = TableViewController.h; path = Controller/TableViewController.h; sourceTree = "<group>"; };
		4C3179C61844103400F7D41B /* TableViewController.m */ = {isa = PBXFileReference; fileEncoding = 4; lastKnownFileType = sourcecode.c.objc; name = TableViewController.m; path = Controller/TableViewController.m; sourceTree = "<group>"; };
		4C3179C91844107800F7D41B /* AVFoundation.framework */ = {isa = PBXFileReference; lastKnownFileType = wrapper.framework; name = AVFoundation.framework; path = System/Library/Frameworks/AVFoundation.framework; sourceTree = SDKROOT; };
		4C3179CB1844107D00F7D41B /* MediaPlayer.framework */ = {isa = PBXFileReference; lastKnownFileType = wrapper.framework; name = MediaPlayer.framework; path = System/Library/Frameworks/MediaPlayer.framework; sourceTree = SDKROOT; };
		4C3179CD184410C300F7D41B /* main.m */ = {isa = PBXFileReference; fileEncoding = 4; lastKnownFileType = sourcecode.c.objc; path = main.m; sourceTree = "<group>"; };
		4C3179CE184410C300F7D41B /* Beet-Info.plist */ = {isa = PBXFileReference; fileEncoding = 4; lastKnownFileType = text.plist.xml; path = "Beet-Info.plist"; sourceTree = "<group>"; };
		4C3179CF184410C300F7D41B /* Beet-Prefix.pch */ = {isa = PBXFileReference; fileEncoding = 4; lastKnownFileType = sourcecode.c.h; path = "Beet-Prefix.pch"; sourceTree = "<group>"; };
		4C4C90101853B43600585F4E /* LiveFeedViewController.h */ = {isa = PBXFileReference; fileEncoding = 4; lastKnownFileType = sourcecode.c.h; name = LiveFeedViewController.h; path = Controller/SideMenu/LiveFeedViewController.h; sourceTree = "<group>"; };
		4C4C90111853B43600585F4E /* LiveFeedViewController.m */ = {isa = PBXFileReference; fileEncoding = 4; lastKnownFileType = sourcecode.c.objc; name = LiveFeedViewController.m; path = Controller/SideMenu/LiveFeedViewController.m; sourceTree = "<group>"; };
		4C4C90131853B44A00585F4E /* ShareViewController.h */ = {isa = PBXFileReference; fileEncoding = 4; lastKnownFileType = sourcecode.c.h; name = ShareViewController.h; path = Controller/SideMenu/ShareViewController.h; sourceTree = "<group>"; };
		4C4C90141853B44A00585F4E /* ShareViewController.m */ = {isa = PBXFileReference; fileEncoding = 4; lastKnownFileType = sourcecode.c.objc; name = ShareViewController.m; path = Controller/SideMenu/ShareViewController.m; sourceTree = "<group>"; };
		4C4C90161853B46200585F4E /* ListenedViewController.h */ = {isa = PBXFileReference; fileEncoding = 4; lastKnownFileType = sourcecode.c.h; name = ListenedViewController.h; path = Controller/SideMenu/ListenedViewController.h; sourceTree = "<group>"; };
		4C4C90171853B46200585F4E /* ListenedViewController.m */ = {isa = PBXFileReference; fileEncoding = 4; lastKnownFileType = sourcecode.c.objc; name = ListenedViewController.m; path = Controller/SideMenu/ListenedViewController.m; sourceTree = "<group>"; };
		4C4C90191853B47300585F4E /* FriendsViewController.h */ = {isa = PBXFileReference; fileEncoding = 4; lastKnownFileType = sourcecode.c.h; name = FriendsViewController.h; path = Controller/SideMenu/FriendsViewController.h; sourceTree = "<group>"; };
		4C4C901A1853B47300585F4E /* FriendsViewController.m */ = {isa = PBXFileReference; fileEncoding = 4; lastKnownFileType = sourcecode.c.objc; name = FriendsViewController.m; path = Controller/SideMenu/FriendsViewController.m; sourceTree = "<group>"; };
		4C4C901C1853B47E00585F4E /* UserViewController.h */ = {isa = PBXFileReference; fileEncoding = 4; lastKnownFileType = sourcecode.c.h; name = UserViewController.h; path = Controller/SideMenu/UserViewController.h; sourceTree = "<group>"; };
		4C4C901D1853B47E00585F4E /* UserViewController.m */ = {isa = PBXFileReference; fileEncoding = 4; lastKnownFileType = sourcecode.c.objc; name = UserViewController.m; path = Controller/SideMenu/UserViewController.m; sourceTree = "<group>"; };
		4CA5DB881853C317006E7B0F /* SideMenuViewController.h */ = {isa = PBXFileReference; fileEncoding = 4; lastKnownFileType = sourcecode.c.h; name = SideMenuViewController.h; path = Controller/SideMenu/SideMenuViewController.h; sourceTree = "<group>"; };
		4CA5DB891853C317006E7B0F /* SideMenuViewController.m */ = {isa = PBXFileReference; fileEncoding = 4; lastKnownFileType = sourcecode.c.objc; name = SideMenuViewController.m; path = Controller/SideMenu/SideMenuViewController.m; sourceTree = "<group>"; };
		4CA88E821853FB65005D0FE0 /* SideMenuRowViewController.h */ = {isa = PBXFileReference; fileEncoding = 4; lastKnownFileType = sourcecode.c.h; name = SideMenuRowViewController.h; path = Controller/SideMenu/SideMenuRowViewController.h; sourceTree = "<group>"; };
		4CA88E831853FB65005D0FE0 /* SideMenuRowViewController.m */ = {isa = PBXFileReference; fileEncoding = 4; lastKnownFileType = sourcecode.c.objc; name = SideMenuRowViewController.m; path = Controller/SideMenu/SideMenuRowViewController.m; sourceTree = "<group>"; };
		4CA88E851854034D005D0FE0 /* YMGenericTableViewCell.h */ = {isa = PBXFileReference; fileEncoding = 4; lastKnownFileType = sourcecode.c.h; name = YMGenericTableViewCell.h; path = View/YMGenericTableViewCell.h; sourceTree = "<group>"; };
		4CA88E861854034D005D0FE0 /* YMGenericTableViewCell.m */ = {isa = PBXFileReference; fileEncoding = 4; lastKnownFileType = sourcecode.c.objc; name = YMGenericTableViewCell.m; path = View/YMGenericTableViewCell.m; sourceTree = "<group>"; };
		4CD0D6EC1851234900350E0C /* MainViewController.h */ = {isa = PBXFileReference; fileEncoding = 4; lastKnownFileType = sourcecode.c.h; name = MainViewController.h; path = Controller/MainViewController.h; sourceTree = "<group>"; };
		4CD0D6ED1851234900350E0C /* MainViewController.m */ = {isa = PBXFileReference; fileEncoding = 4; lastKnownFileType = sourcecode.c.objc; name = MainViewController.m; path = Controller/MainViewController.m; sourceTree = "<group>"; };
		4CD0D6F21851281800350E0C /* Parse.framework */ = {isa = PBXFileReference; lastKnownFileType = wrapper.framework; name = Parse.framework; path = Music/Framework/Parse.framework; sourceTree = "<group>"; };
		4CE6C369186CBBFC0028F963 /* MainBG.png */ = {isa = PBXFileReference; lastKnownFileType = image.png; name = MainBG.png; path = Resource/SignInAndSignUp/MainBG.png; sourceTree = "<group>"; };
		4CE6C36D186CBE890028F963 /* SignUp.png */ = {isa = PBXFileReference; lastKnownFileType = image.png; name = SignUp.png; path = Resource/SignInAndSignUp/SignUp.png; sourceTree = "<group>"; };
		4CE6C36E186CBE890028F963 /* SignUpDown.png */ = {isa = PBXFileReference; lastKnownFileType = image.png; name = SignUpDown.png; path = Resource/SignInAndSignUp/SignUpDown.png; sourceTree = "<group>"; };
		4CE6C373186CBEFD0028F963 /* LogIn.png */ = {isa = PBXFileReference; lastKnownFileType = image.png; name = LogIn.png; path = Resource/SignInAndSignUp/LogIn.png; sourceTree = "<group>"; };
		4CE6C374186CBEFD0028F963 /* LogInDown.png */ = {isa = PBXFileReference; lastKnownFileType = image.png; name = LogInDown.png; path = Resource/SignInAndSignUp/LogInDown.png; sourceTree = "<group>"; };
		4CE6C377186CD5310028F963 /* Facebook.png */ = {isa = PBXFileReference; lastKnownFileType = image.png; name = Facebook.png; path = Resource/SignInAndSignUp/Facebook.png; sourceTree = "<group>"; };
		4CE6C378186CD5310028F963 /* FacebookDown.png */ = {isa = PBXFileReference; lastKnownFileType = image.png; name = FacebookDown.png; path = Resource/SignInAndSignUp/FacebookDown.png; sourceTree = "<group>"; };
		4CE6C37B186CD8880028F963 /* PasswordForgotten.png */ = {isa = PBXFileReference; lastKnownFileType = image.png; name = PasswordForgotten.png; path = Resource/SignInAndSignUp/PasswordForgotten.png; sourceTree = "<group>"; };
		4CE6C37C186CD8880028F963 /* PasswordForgottenDown.png */ = {isa = PBXFileReference; lastKnownFileType = image.png; name = PasswordForgottenDown.png; path = Resource/SignInAndSignUp/PasswordForgottenDown.png; sourceTree = "<group>"; };
		4CE6C37F186CDAF80028F963 /* Logo.png */ = {isa = PBXFileReference; lastKnownFileType = image.png; name = Logo.png; path = Resource/SignInAndSignUp/Logo.png; sourceTree = "<group>"; };
		4CE6C381186CDFB00028F963 /* Exit.png */ = {isa = PBXFileReference; lastKnownFileType = image.png; name = Exit.png; path = Resource/SignInAndSignUp/Exit.png; sourceTree = "<group>"; };
		4CE6C385186CE22E0028F963 /* LoginFieldBG.png */ = {isa = PBXFileReference; lastKnownFileType = image.png; name = LoginFieldBG.png; path = Resource/SignInAndSignUp/LoginFieldBG.png; sourceTree = "<group>"; };
		4CE6C386186CE22E0028F963 /* SignUpFieldBG.png */ = {isa = PBXFileReference; lastKnownFileType = image.png; name = SignUpFieldBG.png; path = Resource/SignInAndSignUp/SignUpFieldBG.png; sourceTree = "<group>"; };
		4CE6C389186CE2BF0028F963 /* MMCenterTableViewCell.h */ = {isa = PBXFileReference; fileEncoding = 4; lastKnownFileType = sourcecode.c.h; name = MMCenterTableViewCell.h; path = Controller/MMController/MMCenterTableViewCell.h; sourceTree = "<group>"; };
		4CE6C38A186CE2BF0028F963 /* MMCenterTableViewCell.m */ = {isa = PBXFileReference; fileEncoding = 4; lastKnownFileType = sourcecode.c.objc; name = MMCenterTableViewCell.m; path = Controller/MMController/MMCenterTableViewCell.m; sourceTree = "<group>"; };
		4CE6C38B186CE2BF0028F963 /* MMDrawerBarButtonItem.h */ = {isa = PBXFileReference; fileEncoding = 4; lastKnownFileType = sourcecode.c.h; name = MMDrawerBarButtonItem.h; path = Controller/MMController/MMDrawerBarButtonItem.h; sourceTree = "<group>"; };
		4CE6C38C186CE2BF0028F963 /* MMDrawerBarButtonItem.m */ = {isa = PBXFileReference; fileEncoding = 4; lastKnownFileType = sourcecode.c.objc; name = MMDrawerBarButtonItem.m; path = Controller/MMController/MMDrawerBarButtonItem.m; sourceTree = "<group>"; };
		4CE6C38D186CE2BF0028F963 /* MMDrawerController.h */ = {isa = PBXFileReference; fileEncoding = 4; lastKnownFileType = sourcecode.c.h; name = MMDrawerController.h; path = Controller/MMController/MMDrawerController.h; sourceTree = "<group>"; };
		4CE6C38E186CE2BF0028F963 /* MMDrawerController.m */ = {isa = PBXFileReference; fileEncoding = 4; lastKnownFileType = sourcecode.c.objc; name = MMDrawerController.m; path = Controller/MMController/MMDrawerController.m; sourceTree = "<group>"; };
		4CE6C38F186CE2BF0028F963 /* MMDrawerController+Subclass.h */ = {isa = PBXFileReference; fileEncoding = 4; lastKnownFileType = sourcecode.c.h; name = "MMDrawerController+Subclass.h"; path = "Controller/MMController/MMDrawerController+Subclass.h"; sourceTree = "<group>"; };
		4CE6C390186CE2BF0028F963 /* MMDrawerControllerKitchenSink-Info.plist */ = {isa = PBXFileReference; fileEncoding = 4; lastKnownFileType = text.plist.xml; name = "MMDrawerControllerKitchenSink-Info.plist"; path = "Controller/MMController/MMDrawerControllerKitchenSink-Info.plist"; sourceTree = "<group>"; };
		4CE6C391186CE2BF0028F963 /* MMDrawerControllerKitchenSink-Prefix.pch */ = {isa = PBXFileReference; fileEncoding = 4; lastKnownFileType = sourcecode.c.h; name = "MMDrawerControllerKitchenSink-Prefix.pch"; path = "Controller/MMController/MMDrawerControllerKitchenSink-Prefix.pch"; sourceTree = "<group>"; };
		4CE6C392186CE2BF0028F963 /* MMDrawerVisualState.h */ = {isa = PBXFileReference; fileEncoding = 4; lastKnownFileType = sourcecode.c.h; name = MMDrawerVisualState.h; path = Controller/MMController/MMDrawerVisualState.h; sourceTree = "<group>"; };
		4CE6C393186CE2BF0028F963 /* MMDrawerVisualState.m */ = {isa = PBXFileReference; fileEncoding = 4; lastKnownFileType = sourcecode.c.objc; name = MMDrawerVisualState.m; path = Controller/MMController/MMDrawerVisualState.m; sourceTree = "<group>"; };
		4CE6C394186CE2BF0028F963 /* MMExampleCenterTableViewController.h */ = {isa = PBXFileReference; fileEncoding = 4; lastKnownFileType = sourcecode.c.h; name = MMExampleCenterTableViewController.h; path = Controller/MMController/MMExampleCenterTableViewController.h; sourceTree = "<group>"; };
		4CE6C395186CE2BF0028F963 /* MMExampleCenterTableViewController.m */ = {isa = PBXFileReference; fileEncoding = 4; lastKnownFileType = sourcecode.c.objc; name = MMExampleCenterTableViewController.m; path = Controller/MMController/MMExampleCenterTableViewController.m; sourceTree = "<group>"; };
		4CE6C396186CE2BF0028F963 /* MMExampleDrawerVisualStateManager.h */ = {isa = PBXFileReference; fileEncoding = 4; lastKnownFileType = sourcecode.c.h; name = MMExampleDrawerVisualStateManager.h; path = Controller/MMController/MMExampleDrawerVisualStateManager.h; sourceTree = "<group>"; };
		4CE6C397186CE2BF0028F963 /* MMExampleDrawerVisualStateManager.m */ = {isa = PBXFileReference; fileEncoding = 4; lastKnownFileType = sourcecode.c.objc; name = MMExampleDrawerVisualStateManager.m; path = Controller/MMController/MMExampleDrawerVisualStateManager.m; sourceTree = "<group>"; };
		4CE6C398186CE2BF0028F963 /* MMExampleLeftSideDrawerViewController.h */ = {isa = PBXFileReference; fileEncoding = 4; lastKnownFileType = sourcecode.c.h; name = MMExampleLeftSideDrawerViewController.h; path = Controller/MMController/MMExampleLeftSideDrawerViewController.h; sourceTree = "<group>"; };
		4CE6C399186CE2BF0028F963 /* MMExampleLeftSideDrawerViewController.m */ = {isa = PBXFileReference; fileEncoding = 4; lastKnownFileType = sourcecode.c.objc; name = MMExampleLeftSideDrawerViewController.m; path = Controller/MMController/MMExampleLeftSideDrawerViewController.m; sourceTree = "<group>"; };
		4CE6C39A186CE2BF0028F963 /* MMExampleRightSideDrawerViewController.h */ = {isa = PBXFileReference; fileEncoding = 4; lastKnownFileType = sourcecode.c.h; name = MMExampleRightSideDrawerViewController.h; path = Controller/MMController/MMExampleRightSideDrawerViewController.h; sourceTree = "<group>"; };
		4CE6C39B186CE2BF0028F963 /* MMExampleRightSideDrawerViewController.m */ = {isa = PBXFileReference; fileEncoding = 4; lastKnownFileType = sourcecode.c.objc; name = MMExampleRightSideDrawerViewController.m; path = Controller/MMController/MMExampleRightSideDrawerViewController.m; sourceTree = "<group>"; };
		4CE6C39C186CE2BF0028F963 /* MMExampleSideDrawerViewController.h */ = {isa = PBXFileReference; fileEncoding = 4; lastKnownFileType = sourcecode.c.h; name = MMExampleSideDrawerViewController.h; path = Controller/MMController/MMExampleSideDrawerViewController.h; sourceTree = "<group>"; };
		4CE6C39D186CE2BF0028F963 /* MMExampleSideDrawerViewController.m */ = {isa = PBXFileReference; fileEncoding = 4; lastKnownFileType = sourcecode.c.objc; name = MMExampleSideDrawerViewController.m; path = Controller/MMController/MMExampleSideDrawerViewController.m; sourceTree = "<group>"; };
		4CE6C39E186CE2BF0028F963 /* MMExampleViewController.h */ = {isa = PBXFileReference; fileEncoding = 4; lastKnownFileType = sourcecode.c.h; name = MMExampleViewController.h; path = Controller/MMController/MMExampleViewController.h; sourceTree = "<group>"; };
		4CE6C39F186CE2BF0028F963 /* MMExampleViewController.m */ = {isa = PBXFileReference; fileEncoding = 4; lastKnownFileType = sourcecode.c.objc; name = MMExampleViewController.m; path = Controller/MMController/MMExampleViewController.m; sourceTree = "<group>"; };
		4CE6C3A0186CE2BF0028F963 /* MMLogoView.h */ = {isa = PBXFileReference; fileEncoding = 4; lastKnownFileType = sourcecode.c.h; name = MMLogoView.h; path = Controller/MMController/MMLogoView.h; sourceTree = "<group>"; };
		4CE6C3A1186CE2BF0028F963 /* MMLogoView.m */ = {isa = PBXFileReference; fileEncoding = 4; lastKnownFileType = sourcecode.c.objc; name = MMLogoView.m; path = Controller/MMController/MMLogoView.m; sourceTree = "<group>"; };
		4CE6C3A2186CE2BF0028F963 /* MMNavigationController.h */ = {isa = PBXFileReference; fileEncoding = 4; lastKnownFileType = sourcecode.c.h; name = MMNavigationController.h; path = Controller/MMController/MMNavigationController.h; sourceTree = "<group>"; };
		4CE6C3A3186CE2BF0028F963 /* MMNavigationController.m */ = {isa = PBXFileReference; fileEncoding = 4; lastKnownFileType = sourcecode.c.objc; name = MMNavigationController.m; path = Controller/MMController/MMNavigationController.m; sourceTree = "<group>"; };
		4CE6C3A4186CE2BF0028F963 /* MMSideDrawerSectionHeaderView.h */ = {isa = PBXFileReference; fileEncoding = 4; lastKnownFileType = sourcecode.c.h; name = MMSideDrawerSectionHeaderView.h; path = Controller/MMController/MMSideDrawerSectionHeaderView.h; sourceTree = "<group>"; };
		4CE6C3A5186CE2BF0028F963 /* MMSideDrawerSectionHeaderView.m */ = {isa = PBXFileReference; fileEncoding = 4; lastKnownFileType = sourcecode.c.objc; name = MMSideDrawerSectionHeaderView.m; path = Controller/MMController/MMSideDrawerSectionHeaderView.m; sourceTree = "<group>"; };
		4CE6C3A6186CE2BF0028F963 /* MMSideDrawerTableViewCell.h */ = {isa = PBXFileReference; fileEncoding = 4; lastKnownFileType = sourcecode.c.h; name = MMSideDrawerTableViewCell.h; path = Controller/MMController/MMSideDrawerTableViewCell.h; sourceTree = "<group>"; };
		4CE6C3A7186CE2BF0028F963 /* MMSideDrawerTableViewCell.m */ = {isa = PBXFileReference; fileEncoding = 4; lastKnownFileType = sourcecode.c.objc; name = MMSideDrawerTableViewCell.m; path = Controller/MMController/MMSideDrawerTableViewCell.m; sourceTree = "<group>"; };
		4CE6C3A8186CE2BF0028F963 /* MMTableViewCell.h */ = {isa = PBXFileReference; fileEncoding = 4; lastKnownFileType = sourcecode.c.h; name = MMTableViewCell.h; path = Controller/MMController/MMTableViewCell.h; sourceTree = "<group>"; };
		4CE6C3A9186CE2BF0028F963 /* MMTableViewCell.m */ = {isa = PBXFileReference; fileEncoding = 4; lastKnownFileType = sourcecode.c.objc; name = MMTableViewCell.m; path = Controller/MMController/MMTableViewCell.m; sourceTree = "<group>"; };
		4CE6C3BA186CE3070028F963 /* MyLogInViewController.h */ = {isa = PBXFileReference; fileEncoding = 4; lastKnownFileType = sourcecode.c.h; name = MyLogInViewController.h; path = Controller/SignInAndSignUp/MyLogInViewController.h; sourceTree = "<group>"; };
		4CE6C3BB186CE3070028F963 /* MyLogInViewController.m */ = {isa = PBXFileReference; fileEncoding = 4; lastKnownFileType = sourcecode.c.objc; name = MyLogInViewController.m; path = Controller/SignInAndSignUp/MyLogInViewController.m; sourceTree = "<group>"; };
		4CE6C3BC186CE3070028F963 /* MySignUpViewController.h */ = {isa = PBXFileReference; fileEncoding = 4; lastKnownFileType = sourcecode.c.h; name = MySignUpViewController.h; path = Controller/SignInAndSignUp/MySignUpViewController.h; sourceTree = "<group>"; };
		4CE6C3BD186CE3070028F963 /* MySignUpViewController.m */ = {isa = PBXFileReference; fileEncoding = 4; lastKnownFileType = sourcecode.c.objc; name = MySignUpViewController.m; path = Controller/SignInAndSignUp/MySignUpViewController.m; sourceTree = "<group>"; };
		4CE6C3C0186CE3380028F963 /* SubclassConfigViewController.h */ = {isa = PBXFileReference; fileEncoding = 4; lastKnownFileType = sourcecode.c.h; name = SubclassConfigViewController.h; path = Controller/SubclassConfigViewController.h; sourceTree = "<group>"; };
		4CE6C3C1186CE3380028F963 /* SubclassConfigViewController.m */ = {isa = PBXFileReference; fileEncoding = 4; lastKnownFileType = sourcecode.c.objc; name = SubclassConfigViewController.m; path = Controller/SubclassConfigViewController.m; sourceTree = "<group>"; };
		4CE6C3C3186CE3430028F963 /* UIViewController+MMDrawerController.h */ = {isa = PBXFileReference; fileEncoding = 4; lastKnownFileType = sourcecode.c.h; name = "UIViewController+MMDrawerController.h"; path = "Controller/UIViewController+MMDrawerController.h"; sourceTree = "<group>"; };
		4CE6C3C4186CE3430028F963 /* UIViewController+MMDrawerController.m */ = {isa = PBXFileReference; fileEncoding = 4; lastKnownFileType = sourcecode.c.objc; name = "UIViewController+MMDrawerController.m"; path = "Controller/UIViewController+MMDrawerController.m"; sourceTree = "<group>"; };
		4CE6C3C6186DE6CF0028F963 /* FindFriendsViewController.h */ = {isa = PBXFileReference; fileEncoding = 4; lastKnownFileType = sourcecode.c.h; name = FindFriendsViewController.h; path = Controller/Function/FindFriendsViewController.h; sourceTree = "<group>"; };
		4CE6C3C7186DE6CF0028F963 /* FindFriendsViewController.m */ = {isa = PBXFileReference; fileEncoding = 4; lastKnownFileType = sourcecode.c.objc; name = FindFriendsViewController.m; path = Controller/Function/FindFriendsViewController.m; sourceTree = "<group>"; };
		4CE6C3C9186E62B70028F963 /* SampleMusic.storyboard */ = {isa = PBXFileReference; fileEncoding = 4; lastKnownFileType = file.storyboard; name = SampleMusic.storyboard; path = View/SampleMusic.storyboard; sourceTree = "<group>"; };
		4CE6C3CA186E62B70028F963 /* User.storyboard */ = {isa = PBXFileReference; fileEncoding = 4; lastKnownFileType = file.storyboard; name = User.storyboard; path = View/User.storyboard; sourceTree = "<group>"; };
		4CE6C3CD186E639A0028F963 /* Main.storyboard */ = {isa = PBXFileReference; fileEncoding = 4; lastKnownFileType = file.storyboard; name = Main.storyboard; path = View/Main.storyboard; sourceTree = "<group>"; };
		4CE6C3CF186E6A020028F963 /* WelcomeViewController.h */ = {isa = PBXFileReference; fileEncoding = 4; lastKnownFileType = sourcecode.c.h; name = WelcomeViewController.h; path = Controller/WelcomeViewController.h; sourceTree = "<group>"; };
		4CE6C3D0186E6A020028F963 /* WelcomeViewController.m */ = {isa = PBXFileReference; fileEncoding = 4; lastKnownFileType = sourcecode.c.objc; name = WelcomeViewController.m; path = Controller/WelcomeViewController.m; sourceTree = "<group>"; };
		4CE6C3E5186E844B0028F963 /* welcome0.png */ = {isa = PBXFileReference; lastKnownFileType = image.png; name = welcome0.png; path = Resource/Welcome/welcome0.png; sourceTree = "<group>"; };
		4CE6C3E6186E844B0028F963 /* welcome1.png */ = {isa = PBXFileReference; lastKnownFileType = image.png; name = welcome1.png; path = Resource/Welcome/welcome1.png; sourceTree = "<group>"; };
		4CE6C3E7186E844B0028F963 /* welcome2.png */ = {isa = PBXFileReference; lastKnownFileType = image.png; name = welcome2.png; path = Resource/Welcome/welcome2.png; sourceTree = "<group>"; };
		4CE6C3EB186F2C230028F963 /* FindFriendsStoryboard.storyboard */ = {isa = PBXFileReference; fileEncoding = 4; lastKnownFileType = file.storyboard; name = FindFriendsStoryboard.storyboard; path = View/FindFriendsStoryboard.storyboard; sourceTree = "<group>"; };
		4CE6C3EE186F52410028F963 /* settings-32.png */ = {isa = PBXFileReference; lastKnownFileType = image.png; name = "settings-32.png"; path = "Resource/SideMenu/settings-32.png"; sourceTree = "<group>"; };
		4CE6C3F0186F52A60028F963 /* settings-32-highlight.png */ = {isa = PBXFileReference; lastKnownFileType = image.png; name = "settings-32-highlight.png"; path = "Resource/SideMenu/settings-32-highlight.png"; sourceTree = "<group>"; };
		4CE6C3F5186F55090028F963 /* SettingStoryboard.storyboard */ = {isa = PBXFileReference; fileEncoding = 4; lastKnownFileType = file.storyboard; name = SettingStoryboard.storyboard; path = View/SettingStoryboard.storyboard; sourceTree = "<group>"; };
		4CE6C3FA186F594F0028F963 /* SettingViewController.h */ = {isa = PBXFileReference; fileEncoding = 4; lastKnownFileType = sourcecode.c.h; path = SettingViewController.h; sourceTree = "<group>"; };
		4CE6C3FB186F594F0028F963 /* SettingViewController.m */ = {isa = PBXFileReference; fileEncoding = 4; lastKnownFileType = sourcecode.c.objc; path = SettingViewController.m; sourceTree = "<group>"; };
		4CE6C3FD186F5F090028F963 /* conference-24.png */ = {isa = PBXFileReference; lastKnownFileType = image.png; name = "conference-24.png"; path = "Resource/SideMenu/conference-24.png"; sourceTree = "<group>"; };
		4CE6C3FE186F5F090028F963 /* dj-24.png */ = {isa = PBXFileReference; lastKnownFileType = image.png; name = "dj-24.png"; path = "Resource/SideMenu/dj-24.png"; sourceTree = "<group>"; };
		4CE6C3FF186F5F090028F963 /* newspaper-10-24.png */ = {isa = PBXFileReference; lastKnownFileType = image.png; name = "newspaper-10-24.png"; path = "Resource/SideMenu/newspaper-10-24.png"; sourceTree = "<group>"; };
		4CE6C400186F5F090028F963 /* sharethis-3-24.png */ = {isa = PBXFileReference; lastKnownFileType = image.png; name = "sharethis-3-24.png"; path = "Resource/SideMenu/sharethis-3-24.png"; sourceTree = "<group>"; };
		4CE6C401186F5F090028F963 /* undo-2-24.png */ = {isa = PBXFileReference; lastKnownFileType = image.png; name = "undo-2-24.png"; path = "Resource/SideMenu/undo-2-24.png"; sourceTree = "<group>"; };
		4CE6C407186F5FAC0028F963 /* undo-2-16.png */ = {isa = PBXFileReference; lastKnownFileType = image.png; name = "undo-2-16.png"; path = "Resource/SideMenu/undo-2-16.png"; sourceTree = "<group>"; };
		4CEBEE2C184ADEA80018ABE0 /* SystemConfiguration.framework */ = {isa = PBXFileReference; lastKnownFileType = wrapper.framework; name = SystemConfiguration.framework; path = System/Library/Frameworks/SystemConfiguration.framework; sourceTree = SDKROOT; };
		4CEBEE2E184ADEDF0018ABE0 /* CFNetwork.framework */ = {isa = PBXFileReference; lastKnownFileType = wrapper.framework; name = CFNetwork.framework; path = System/Library/Frameworks/CFNetwork.framework; sourceTree = SDKROOT; };
		4CEBEE30184ADEE80018ABE0 /* MobileCoreServices.framework */ = {isa = PBXFileReference; lastKnownFileType = wrapper.framework; name = MobileCoreServices.framework; path = System/Library/Frameworks/MobileCoreServices.framework; sourceTree = SDKROOT; };
		4CEBEE32184ADEFC0018ABE0 /* CoreFoundation.framework */ = {isa = PBXFileReference; lastKnownFileType = wrapper.framework; name = CoreFoundation.framework; path = System/Library/Frameworks/CoreFoundation.framework; sourceTree = SDKROOT; };
		4CEBEE34184ADF0C0018ABE0 /* libxml2.dylib */ = {isa = PBXFileReference; lastKnownFileType = "compiled.mach-o.dylib"; name = libxml2.dylib; path = usr/lib/libxml2.dylib; sourceTree = SDKROOT; };
		4CEBEE40184CE16B0018ABE0 /* CoreLocation.framework */ = {isa = PBXFileReference; lastKnownFileType = wrapper.framework; name = CoreLocation.framework; path = System/Library/Frameworks/CoreLocation.framework; sourceTree = SDKROOT; };
		4CEE7D25186F624F0012624D /* Setting.h */ = {isa = PBXFileReference; fileEncoding = 4; lastKnownFileType = sourcecode.c.h; name = Setting.h; path = Model/Setting.h; sourceTree = "<group>"; };
		4CEE7D26186F624F0012624D /* Setting.m */ = {isa = PBXFileReference; fileEncoding = 4; lastKnownFileType = sourcecode.c.objc; name = Setting.m; path = Model/Setting.m; sourceTree = "<group>"; };
		5B085EF440F545DD93B4A79C /* Pods.xcconfig */ = {isa = PBXFileReference; includeInIndex = 1; lastKnownFileType = text.xcconfig; name = Pods.xcconfig; path = Pods/Pods.xcconfig; sourceTree = "<group>"; };
		F724E3B98E8440059B00A6C0 /* libPods.a */ = {isa = PBXFileReference; explicitFileType = archive.ar; includeInIndex = 0; path = libPods.a; sourceTree = BUILT_PRODUCTS_DIR; };
/* End PBXFileReference section */

/* Begin PBXFrameworksBuildPhase section */
		4C31797218440EA700F7D41B /* Frameworks */ = {
			isa = PBXFrameworksBuildPhase;
			buildActionMask = 2147483647;
			files = (
				4CEBEE41184CE16C0018ABE0 /* CoreLocation.framework in Frameworks */,
				4CEBEE35184ADF0C0018ABE0 /* libxml2.dylib in Frameworks */,
				4CEBEE33184ADEFC0018ABE0 /* CoreFoundation.framework in Frameworks */,
				4CEBEE31184ADEE80018ABE0 /* MobileCoreServices.framework in Frameworks */,
				4CEBEE2F184ADEDF0018ABE0 /* CFNetwork.framework in Frameworks */,
				4CEBEE2D184ADEA80018ABE0 /* SystemConfiguration.framework in Frameworks */,
				4C3179CC1844107D00F7D41B /* MediaPlayer.framework in Frameworks */,
				4C3179CA1844107800F7D41B /* AVFoundation.framework in Frameworks */,
				4C3179C218440FAA00F7D41B /* CoreData.framework in Frameworks */,
				4C31797B18440EA700F7D41B /* CoreGraphics.framework in Frameworks */,
				4CD0D6F31851281800350E0C /* Parse.framework in Frameworks */,
				4C31797D18440EA700F7D41B /* UIKit.framework in Frameworks */,
				4C31797918440EA700F7D41B /* Foundation.framework in Frameworks */,
				EF77F77D7AA64C47900A60DB /* libPods.a in Frameworks */,
			);
			runOnlyForDeploymentPostprocessing = 0;
		};
		4C31799318440EA700F7D41B /* Frameworks */ = {
			isa = PBXFrameworksBuildPhase;
			buildActionMask = 2147483647;
			files = (
				4C31799818440EA700F7D41B /* XCTest.framework in Frameworks */,
				4C31799A18440EA700F7D41B /* UIKit.framework in Frameworks */,
				4C31799918440EA700F7D41B /* Foundation.framework in Frameworks */,
			);
			runOnlyForDeploymentPostprocessing = 0;
		};
/* End PBXFrameworksBuildPhase section */

/* Begin PBXGroup section */
		4C07231C18564F4000D6E63C /* SampleMusic */ = {
			isa = PBXGroup;
			children = (
				4C3179C31844103400F7D41B /* SampleMusicViewController.h */,
				4C3179C41844103400F7D41B /* SampleMusicViewController.m */,
			);
			name = SampleMusic;
			sourceTree = "<group>";
		};
		4C0723361856AB5E00D6E63C /* XML */ = {
			isa = PBXGroup;
			children = (
				4C0723371856AB9400D6E63C /* XMLParser.h */,
				4C0723381856AB9400D6E63C /* XMLParser.m */,
			);
			name = XML;
			sourceTree = "<group>";
		};
		4C07233A1856AD9F00D6E63C /* XMLTest */ = {
			isa = PBXGroup;
			children = (
				4C07233B1856AE5F00D6E63C /* TestNSXMLParser.m */,
				4C07233D1857AD7D00D6E63C /* TestXMLParser.m */,
			);
			name = XMLTest;
			sourceTree = "<group>";
		};
		4C0723461858C27C00D6E63C /* TableView */ = {
			isa = PBXGroup;
			children = (
				4C0723491858F14B00D6E63C /* sample_music_background.jpg */,
				4C0723471858C28800D6E63C /* background.png */,
			);
			name = TableView;
			sourceTree = "<group>";
		};
		4C31796C18440EA700F7D41B = {
			isa = PBXGroup;
			children = (
				4C31797E18440EA700F7D41B /* Beet */,
				4C31799D18440EA700F7D41B /* BeetTests */,
				4C31797718440EA700F7D41B /* Frameworks */,
				4C31797618440EA700F7D41B /* Products */,
				5B085EF440F545DD93B4A79C /* Pods.xcconfig */,
			);
			sourceTree = "<group>";
		};
		4C31797618440EA700F7D41B /* Products */ = {
			isa = PBXGroup;
			children = (
				4C31797518440EA700F7D41B /* Beet.app */,
				4C31799618440EA700F7D41B /* BeetTests.xctest */,
			);
			name = Products;
			sourceTree = "<group>";
		};
		4C31797718440EA700F7D41B /* Frameworks */ = {
			isa = PBXGroup;
			children = (
				4CD0D6F21851281800350E0C /* Parse.framework */,
				4CEBEE40184CE16B0018ABE0 /* CoreLocation.framework */,
				4CEBEE34184ADF0C0018ABE0 /* libxml2.dylib */,
				4CEBEE32184ADEFC0018ABE0 /* CoreFoundation.framework */,
				4C3179C91844107800F7D41B /* AVFoundation.framework */,
				4CEBEE2E184ADEDF0018ABE0 /* CFNetwork.framework */,
				4C3179C118440FAA00F7D41B /* CoreData.framework */,
				4C31797A18440EA700F7D41B /* CoreGraphics.framework */,
				4C31797818440EA700F7D41B /* Foundation.framework */,
				4C3179CB1844107D00F7D41B /* MediaPlayer.framework */,
				4CEBEE30184ADEE80018ABE0 /* MobileCoreServices.framework */,
				4CEBEE2C184ADEA80018ABE0 /* SystemConfiguration.framework */,
				4C31797C18440EA700F7D41B /* UIKit.framework */,
				4C31799718440EA700F7D41B /* XCTest.framework */,
				F724E3B98E8440059B00A6C0 /* libPods.a */,
			);
			name = Frameworks;
			sourceTree = "<group>";
		};
		4C31797E18440EA700F7D41B /* Beet */ = {
			isa = PBXGroup;
			children = (
				4CEBEE42184CE3950018ABE0 /* Resource */,
				4C3179AE18440EED00F7D41B /* Model */,
				4C3179AF18440EF100F7D41B /* View */,
				4C3179AD18440EAD00F7D41B /* Controller */,
				4C31797F18440EA700F7D41B /* Supporting Files */,
			);
			name = Beet;
			path = Music;
			sourceTree = "<group>";
		};
		4C31797F18440EA700F7D41B /* Supporting Files */ = {
			isa = PBXGroup;
			children = (
				4C3179B618440F5300F7D41B /* AppDelegate.h */,
				4C3179B718440F5300F7D41B /* AppDelegate.m */,
				4C3179CD184410C300F7D41B /* main.m */,
				4C3179CE184410C300F7D41B /* Beet-Info.plist */,
				4C3179CF184410C300F7D41B /* Beet-Prefix.pch */,
				4C31798118440EA700F7D41B /* InfoPlist.strings */,
			);
			name = "Supporting Files";
			sourceTree = "<group>";
		};
		4C31799D18440EA700F7D41B /* BeetTests */ = {
			isa = PBXGroup;
			children = (
				4C07233A1856AD9F00D6E63C /* XMLTest */,
				4C3179A318440EA700F7D41B /* MusicTests.m */,
				4C31799E18440EA700F7D41B /* Supporting Files */,
			);
			name = BeetTests;
			path = MusicTests;
			sourceTree = "<group>";
		};
		4C31799E18440EA700F7D41B /* Supporting Files */ = {
			isa = PBXGroup;
			children = (
				4C31799F18440EA700F7D41B /* BeetTests-Info.plist */,
				4C3179A018440EA700F7D41B /* InfoPlist.strings */,
			);
			name = "Supporting Files";
			sourceTree = "<group>";
		};
		4C3179AD18440EAD00F7D41B /* Controller */ = {
			isa = PBXGroup;
			children = (
				4CE6C3CF186E6A020028F963 /* WelcomeViewController.h */,
				4CE6C3D0186E6A020028F963 /* WelcomeViewController.m */,
				4CD0D6EC1851234900350E0C /* MainViewController.h */,
				4CD0D6ED1851234900350E0C /* MainViewController.m */,
				4CEBEE36184CE05B0018ABE0 /* LogInAndSignUp */,
				4C4C900F1853AB4200585F4E /* SideMenu */,
				4CDBF6F118550E5900D4AD66 /* Function */,
				4C07231C18564F4000D6E63C /* SampleMusic */,
				4CD0D6EF1851245400350E0C /* DrawerViewController */,
				4C4C900E1853A8EE00585F4E /* Archive */,
			);
			name = Controller;
			sourceTree = "<group>";
		};
		4C3179AE18440EED00F7D41B /* Model */ = {
			isa = PBXGroup;
			children = (
				4C0723361856AB5E00D6E63C /* XML */,
				4C3179B018440F4800F7D41B /* Song.h */,
				4C3179B118440F4800F7D41B /* Song.m */,
				4C3179B218440F4800F7D41B /* Song.xcdatamodeld */,
				4CEE7D25186F624F0012624D /* Setting.h */,
				4CEE7D26186F624F0012624D /* Setting.m */,
			);
			name = Model;
			sourceTree = "<group>";
		};
		4C3179AF18440EF100F7D41B /* View */ = {
			isa = PBXGroup;
			children = (
				4CE6C3CD186E639A0028F963 /* Main.storyboard */,
				4CE6C3C9186E62B70028F963 /* SampleMusic.storyboard */,
				4CE6C3CA186E62B70028F963 /* User.storyboard */,
				4CE6C3EB186F2C230028F963 /* FindFriendsStoryboard.storyboard */,
				4CE6C3F5186F55090028F963 /* SettingStoryboard.storyboard */,
			);
			name = View;
			sourceTree = "<group>";
		};
		4C4C900E1853A8EE00585F4E /* Archive */ = {
			isa = PBXGroup;
			children = (
				4CA88E821853FB65005D0FE0 /* SideMenuRowViewController.h */,
				4CA88E831853FB65005D0FE0 /* SideMenuRowViewController.m */,
				4C3179C51844103400F7D41B /* TableViewController.h */,
				4C3179C61844103400F7D41B /* TableViewController.m */,
				4CE6C3C0186CE3380028F963 /* SubclassConfigViewController.h */,
				4CE6C3C1186CE3380028F963 /* SubclassConfigViewController.m */,
			);
			name = Archive;
			sourceTree = "<group>";
		};
		4C4C900F1853AB4200585F4E /* SideMenu */ = {
			isa = PBXGroup;
			children = (
				4CE6C39C186CE2BF0028F963 /* MMExampleSideDrawerViewController.h */,
				4CE6C39D186CE2BF0028F963 /* MMExampleSideDrawerViewController.m */,
				4CA5DB881853C317006E7B0F /* SideMenuViewController.h */,
				4CA5DB891853C317006E7B0F /* SideMenuViewController.m */,
				4CE6C3A6186CE2BF0028F963 /* MMSideDrawerTableViewCell.h */,
				4CE6C3A7186CE2BF0028F963 /* MMSideDrawerTableViewCell.m */,
			);
			name = SideMenu;
			sourceTree = "<group>";
		};
		4CD0D6EF1851245400350E0C /* DrawerViewController */ = {
			isa = PBXGroup;
			children = (
				4CE6C389186CE2BF0028F963 /* MMCenterTableViewCell.h */,
				4CE6C38A186CE2BF0028F963 /* MMCenterTableViewCell.m */,
				4CE6C38B186CE2BF0028F963 /* MMDrawerBarButtonItem.h */,
				4CE6C38C186CE2BF0028F963 /* MMDrawerBarButtonItem.m */,
				4CE6C38D186CE2BF0028F963 /* MMDrawerController.h */,
				4CE6C38E186CE2BF0028F963 /* MMDrawerController.m */,
				4CE6C38F186CE2BF0028F963 /* MMDrawerController+Subclass.h */,
				4CE6C390186CE2BF0028F963 /* MMDrawerControllerKitchenSink-Info.plist */,
				4CE6C391186CE2BF0028F963 /* MMDrawerControllerKitchenSink-Prefix.pch */,
				4CE6C392186CE2BF0028F963 /* MMDrawerVisualState.h */,
				4CE6C393186CE2BF0028F963 /* MMDrawerVisualState.m */,
				4CE6C394186CE2BF0028F963 /* MMExampleCenterTableViewController.h */,
				4CE6C395186CE2BF0028F963 /* MMExampleCenterTableViewController.m */,
				4CE6C396186CE2BF0028F963 /* MMExampleDrawerVisualStateManager.h */,
				4CE6C397186CE2BF0028F963 /* MMExampleDrawerVisualStateManager.m */,
				4CE6C398186CE2BF0028F963 /* MMExampleLeftSideDrawerViewController.h */,
				4CE6C399186CE2BF0028F963 /* MMExampleLeftSideDrawerViewController.m */,
				4CE6C39A186CE2BF0028F963 /* MMExampleRightSideDrawerViewController.h */,
				4CE6C39B186CE2BF0028F963 /* MMExampleRightSideDrawerViewController.m */,
				4CE6C39E186CE2BF0028F963 /* MMExampleViewController.h */,
				4CE6C39F186CE2BF0028F963 /* MMExampleViewController.m */,
				4CE6C3A0186CE2BF0028F963 /* MMLogoView.h */,
				4CE6C3A1186CE2BF0028F963 /* MMLogoView.m */,
				4CE6C3A2186CE2BF0028F963 /* MMNavigationController.h */,
				4CE6C3A3186CE2BF0028F963 /* MMNavigationController.m */,
				4CE6C3A4186CE2BF0028F963 /* MMSideDrawerSectionHeaderView.h */,
				4CE6C3A5186CE2BF0028F963 /* MMSideDrawerSectionHeaderView.m */,
				4CE6C3A8186CE2BF0028F963 /* MMTableViewCell.h */,
				4CE6C3A9186CE2BF0028F963 /* MMTableViewCell.m */,
				4CE6C3C3186CE3430028F963 /* UIViewController+MMDrawerController.h */,
				4CE6C3C4186CE3430028F963 /* UIViewController+MMDrawerController.m */,
			);
			name = DrawerViewController;
			sourceTree = "<group>";
		};
		4CDBF6F118550E5900D4AD66 /* Function */ = {
			isa = PBXGroup;
			children = (
				4C07231D1856686B00D6E63C /* YMGenericTableViewController.h */,
				4C07231E1856686B00D6E63C /* YMGenericTableViewController.m */,
				4CA88E851854034D005D0FE0 /* YMGenericTableViewCell.h */,
				4CA88E861854034D005D0FE0 /* YMGenericTableViewCell.m */,
				4C4C90101853B43600585F4E /* LiveFeedViewController.h */,
				4C4C90111853B43600585F4E /* LiveFeedViewController.m */,
				4C4C90131853B44A00585F4E /* ShareViewController.h */,
				4C4C90141853B44A00585F4E /* ShareViewController.m */,
				4C4C90161853B46200585F4E /* ListenedViewController.h */,
				4C4C90171853B46200585F4E /* ListenedViewController.m */,
				4C4C90191853B47300585F4E /* FriendsViewController.h */,
				4C4C901A1853B47300585F4E /* FriendsViewController.m */,
				4CE6C3C6186DE6CF0028F963 /* FindFriendsViewController.h */,
				4CE6C3C7186DE6CF0028F963 /* FindFriendsViewController.m */,
				4C4C901C1853B47E00585F4E /* UserViewController.h */,
				4C4C901D1853B47E00585F4E /* UserViewController.m */,
				4CE6C3FA186F594F0028F963 /* SettingViewController.h */,
				4CE6C3FB186F594F0028F963 /* SettingViewController.m */,
			);
			name = Function;
			sourceTree = "<group>";
		};
		4CE6C368186CBBEA0028F963 /* SignInAndSignUp */ = {
			isa = PBXGroup;
			children = (
				4CE6C369186CBBFC0028F963 /* MainBG.png */,
				4CE6C373186CBEFD0028F963 /* LogIn.png */,
				4CE6C374186CBEFD0028F963 /* LogInDown.png */,
				4CE6C36D186CBE890028F963 /* SignUp.png */,
				4CE6C36E186CBE890028F963 /* SignUpDown.png */,
				4CE6C377186CD5310028F963 /* Facebook.png */,
				4CE6C378186CD5310028F963 /* FacebookDown.png */,
				4CE6C37B186CD8880028F963 /* PasswordForgotten.png */,
				4CE6C37C186CD8880028F963 /* PasswordForgottenDown.png */,
				4CE6C381186CDFB00028F963 /* Exit.png */,
				4CE6C37F186CDAF80028F963 /* Logo.png */,
				4CE6C385186CE22E0028F963 /* LoginFieldBG.png */,
				4CE6C386186CE22E0028F963 /* SignUpFieldBG.png */,
			);
			name = SignInAndSignUp;
			sourceTree = "<group>";
		};
		4CE6C3D2186E7BE80028F963 /* Welcome */ = {
			isa = PBXGroup;
			children = (
				4CE6C3E5186E844B0028F963 /* welcome0.png */,
				4CE6C3E6186E844B0028F963 /* welcome1.png */,
				4CE6C3E7186E844B0028F963 /* welcome2.png */,
			);
			name = Welcome;
			sourceTree = "<group>";
		};
		4CE6C3ED186F523A0028F963 /* SideMenu */ = {
			isa = PBXGroup;
			children = (
				4CE6C3F0186F52A60028F963 /* settings-32-highlight.png */,
				4CE6C3EE186F52410028F963 /* settings-32.png */,
				4CE6C3FD186F5F090028F963 /* conference-24.png */,
				4CE6C3FE186F5F090028F963 /* dj-24.png */,
				4CE6C3FF186F5F090028F963 /* newspaper-10-24.png */,
				4CE6C400186F5F090028F963 /* sharethis-3-24.png */,
				4CE6C407186F5FAC0028F963 /* undo-2-16.png */,
				4CE6C401186F5F090028F963 /* undo-2-24.png */,
			);
			name = SideMenu;
			sourceTree = "<group>";
		};
		4CEBEE36184CE05B0018ABE0 /* LogInAndSignUp */ = {
			isa = PBXGroup;
			children = (
				4CE6C3BA186CE3070028F963 /* MyLogInViewController.h */,
				4CE6C3BB186CE3070028F963 /* MyLogInViewController.m */,
				4CE6C3BC186CE3070028F963 /* MySignUpViewController.h */,
				4CE6C3BD186CE3070028F963 /* MySignUpViewController.m */,
			);
			name = LogInAndSignUp;
			sourceTree = "<group>";
		};
		4CEBEE42184CE3950018ABE0 /* Resource */ = {
			isa = PBXGroup;
			children = (
				4CE6C3ED186F523A0028F963 /* SideMenu */,
				4CE6C3D2186E7BE80028F963 /* Welcome */,
				4CE6C368186CBBEA0028F963 /* SignInAndSignUp */,
				4C31799018440EA700F7D41B /* Images.xcassets */,
				4C0723461858C27C00D6E63C /* TableView */,
			);
			name = Resource;
			sourceTree = "<group>";
		};
/* End PBXGroup section */

/* Begin PBXNativeTarget section */
		4C31797418440EA700F7D41B /* Beet */ = {
			isa = PBXNativeTarget;
			buildConfigurationList = 4C3179A718440EA700F7D41B /* Build configuration list for PBXNativeTarget "Beet" */;
			buildPhases = (
				A8AA2109B7464B1AB8740320 /* Check Pods Manifest.lock */,
				4C31797118440EA700F7D41B /* Sources */,
				4C31797218440EA700F7D41B /* Frameworks */,
				4C31797318440EA700F7D41B /* Resources */,
				6CDA2CEC6AD640D6BC04B000 /* Copy Pods Resources */,
			);
			buildRules = (
			);
			dependencies = (
			);
			name = Beet;
			productName = Music;
			productReference = 4C31797518440EA700F7D41B /* Beet.app */;
			productType = "com.apple.product-type.application";
		};
		4C31799518440EA700F7D41B /* BeetTests */ = {
			isa = PBXNativeTarget;
			buildConfigurationList = 4C3179AA18440EA700F7D41B /* Build configuration list for PBXNativeTarget "BeetTests" */;
			buildPhases = (
				4C31799218440EA700F7D41B /* Sources */,
				4C31799318440EA700F7D41B /* Frameworks */,
				4C31799418440EA700F7D41B /* Resources */,
			);
			buildRules = (
			);
			dependencies = (
				4C31799C18440EA700F7D41B /* PBXTargetDependency */,
			);
			name = BeetTests;
			productName = MusicTests;
			productReference = 4C31799618440EA700F7D41B /* BeetTests.xctest */;
			productType = "com.apple.product-type.bundle.unit-test";
		};
/* End PBXNativeTarget section */

/* Begin PBXProject section */
		4C31796D18440EA700F7D41B /* Project object */ = {
			isa = PBXProject;
			attributes = {
				CLASSPREFIX = "";
				LastUpgradeCheck = 0500;
				ORGANIZATIONNAME = "Yuhua Mai";
				TargetAttributes = {
					4C31797418440EA700F7D41B = {
						DevelopmentTeam = R5K7Y3KE3N;
					};
					4C31799518440EA700F7D41B = {
						TestTargetID = 4C31797418440EA700F7D41B;
					};
				};
			};
			buildConfigurationList = 4C31797018440EA700F7D41B /* Build configuration list for PBXProject "Beet" */;
			compatibilityVersion = "Xcode 3.2";
			developmentRegion = English;
			hasScannedForEncodings = 0;
			knownRegions = (
				en,
				Base,
			);
			mainGroup = 4C31796C18440EA700F7D41B;
			productRefGroup = 4C31797618440EA700F7D41B /* Products */;
			projectDirPath = "";
			projectRoot = "";
			targets = (
				4C31797418440EA700F7D41B /* Beet */,
				4C31799518440EA700F7D41B /* BeetTests */,
			);
		};
/* End PBXProject section */

/* Begin PBXResourcesBuildPhase section */
		4C31797318440EA700F7D41B /* Resources */ = {
			isa = PBXResourcesBuildPhase;
			buildActionMask = 2147483647;
			files = (
				4C3179D1184410C300F7D41B /* Beet-Info.plist in Resources */,
				4C31799118440EA700F7D41B /* Images.xcassets in Resources */,
				4CE6C379186CD5310028F963 /* Facebook.png in Resources */,
				4CE6C408186F5FAC0028F963 /* undo-2-16.png in Resources */,
				4C07234A1858F14B00D6E63C /* sample_music_background.jpg in Resources */,
				4CE6C3CC186E62B70028F963 /* User.storyboard in Resources */,
				4CE6C375186CBEFD0028F963 /* LogIn.png in Resources */,
				4CE6C37E186CD8880028F963 /* PasswordForgottenDown.png in Resources */,
				4CE6C3F6186F55090028F963 /* SettingStoryboard.storyboard in Resources */,
				4CE6C383186CDFB00028F963 /* Exit.png in Resources */,
				4CE6C388186CE22E0028F963 /* SignUpFieldBG.png in Resources */,
				4CE6C387186CE22E0028F963 /* LoginFieldBG.png in Resources */,
				4CE6C3AD186CE2BF0028F963 /* MMDrawerControllerKitchenSink-Info.plist in Resources */,
				4CE6C376186CBEFD0028F963 /* LogInDown.png in Resources */,
				4CE6C3E9186E844B0028F963 /* welcome1.png in Resources */,
				4CE6C3CE186E639A0028F963 /* Main.storyboard in Resources */,
				4C0723481858C28800D6E63C /* background.png in Resources */,
				4CE6C3E8186E844B0028F963 /* welcome0.png in Resources */,
				4CE6C380186CDAF80028F963 /* Logo.png in Resources */,
				4CE6C3EF186F52410028F963 /* settings-32.png in Resources */,
				4CE6C371186CBE890028F963 /* SignUp.png in Resources */,
				4CE6C3CB186E62B70028F963 /* SampleMusic.storyboard in Resources */,
				4CE6C36A186CBBFC0028F963 /* MainBG.png in Resources */,
				4C31798318440EA700F7D41B /* InfoPlist.strings in Resources */,
				4CE6C372186CBE890028F963 /* SignUpDown.png in Resources */,
				4CE6C405186F5F090028F963 /* sharethis-3-24.png in Resources */,
				4CE6C3EA186E844B0028F963 /* welcome2.png in Resources */,
				4CE6C3F1186F52A60028F963 /* settings-32-highlight.png in Resources */,
				4CE6C37A186CD5310028F963 /* FacebookDown.png in Resources */,
				4CE6C402186F5F090028F963 /* conference-24.png in Resources */,
				4CE6C404186F5F090028F963 /* newspaper-10-24.png in Resources */,
				4CE6C406186F5F090028F963 /* undo-2-24.png in Resources */,
				4CE6C403186F5F090028F963 /* dj-24.png in Resources */,
				4CE6C3EC186F2C230028F963 /* FindFriendsStoryboard.storyboard in Resources */,
				4CE6C37D186CD8880028F963 /* PasswordForgotten.png in Resources */,
			);
			runOnlyForDeploymentPostprocessing = 0;
		};
		4C31799418440EA700F7D41B /* Resources */ = {
			isa = PBXResourcesBuildPhase;
			buildActionMask = 2147483647;
			files = (
				4C3179A218440EA700F7D41B /* InfoPlist.strings in Resources */,
			);
			runOnlyForDeploymentPostprocessing = 0;
		};
/* End PBXResourcesBuildPhase section */

/* Begin PBXShellScriptBuildPhase section */
		6CDA2CEC6AD640D6BC04B000 /* Copy Pods Resources */ = {
			isa = PBXShellScriptBuildPhase;
			buildActionMask = 2147483647;
			files = (
			);
			inputPaths = (
			);
			name = "Copy Pods Resources";
			outputPaths = (
			);
			runOnlyForDeploymentPostprocessing = 0;
			shellPath = /bin/sh;
			shellScript = "\"${SRCROOT}/Pods/Pods-resources.sh\"\n";
			showEnvVarsInLog = 0;
		};
		A8AA2109B7464B1AB8740320 /* Check Pods Manifest.lock */ = {
			isa = PBXShellScriptBuildPhase;
			buildActionMask = 2147483647;
			files = (
			);
			inputPaths = (
			);
			name = "Check Pods Manifest.lock";
			outputPaths = (
			);
			runOnlyForDeploymentPostprocessing = 0;
			shellPath = /bin/sh;
			shellScript = "diff \"${PODS_ROOT}/../Podfile.lock\" \"${PODS_ROOT}/Manifest.lock\" > /dev/null\nif [[ $? != 0 ]] ; then\n    cat << EOM\nerror: The sandbox is not in sync with the Podfile.lock. Run 'pod install' or update your CocoaPods installation.\nEOM\n    exit 1\nfi\n";
			showEnvVarsInLog = 0;
		};
/* End PBXShellScriptBuildPhase section */

/* Begin PBXSourcesBuildPhase section */
		4C31797118440EA700F7D41B /* Sources */ = {
			isa = PBXSourcesBuildPhase;
			buildActionMask = 2147483647;
			files = (
				4CE6C3BE186CE3070028F963 /* MyLogInViewController.m in Sources */,
				4CE6C3C5186CE3430028F963 /* UIViewController+MMDrawerController.m in Sources */,
				4C4C901B1853B47300585F4E /* FriendsViewController.m in Sources */,
				4CD0D6EE1851234900350E0C /* MainViewController.m in Sources */,
				4CE6C3BF186CE3070028F963 /* MySignUpViewController.m in Sources */,
				4CA88E841853FB65005D0FE0 /* SideMenuRowViewController.m in Sources */,
				4CE6C3B0186CE2BF0028F963 /* MMExampleDrawerVisualStateManager.m in Sources */,
				4C3179C81844103400F7D41B /* TableViewController.m in Sources */,
				4C4C90181853B46200585F4E /* ListenedViewController.m in Sources */,
				4C3179C71844103400F7D41B /* SampleMusicViewController.m in Sources */,
				4CA88E871854034D005D0FE0 /* YMGenericTableViewCell.m in Sources */,
				4CE6C3AF186CE2BF0028F963 /* MMExampleCenterTableViewController.m in Sources */,
				4CE6C3B2186CE2BF0028F963 /* MMExampleRightSideDrawerViewController.m in Sources */,
				4CA5DB8A1853C317006E7B0F /* SideMenuViewController.m in Sources */,
				4CE6C3AA186CE2BF0028F963 /* MMCenterTableViewCell.m in Sources */,
				4CE6C3B3186CE2BF0028F963 /* MMExampleSideDrawerViewController.m in Sources */,
				4C0723391856AB9400D6E63C /* XMLParser.m in Sources */,
				4C3179BA18440F5300F7D41B /* AppDelegate.m in Sources */,
				4CEE7D27186F624F0012624D /* Setting.m in Sources */,
				4CE6C3C2186CE3380028F963 /* SubclassConfigViewController.m in Sources */,
				4CE6C3AE186CE2BF0028F963 /* MMDrawerVisualState.m in Sources */,
				4CE6C3B9186CE2BF0028F963 /* MMTableViewCell.m in Sources */,
				4CE6C3C8186DE6CF0028F963 /* FindFriendsViewController.m in Sources */,
				4C3179B518440F4800F7D41B /* Song.xcdatamodeld in Sources */,
				4CE6C3D1186E6A020028F963 /* WelcomeViewController.m in Sources */,
				4CE6C3B7186CE2BF0028F963 /* MMSideDrawerSectionHeaderView.m in Sources */,
				4CE6C3B8186CE2BF0028F963 /* MMSideDrawerTableViewCell.m in Sources */,
				4C4C90151853B44A00585F4E /* ShareViewController.m in Sources */,
				4C4C90121853B43600585F4E /* LiveFeedViewController.m in Sources */,
				4CE6C3B6186CE2BF0028F963 /* MMNavigationController.m in Sources */,
				4CE6C3B4186CE2BF0028F963 /* MMExampleViewController.m in Sources */,
				4C07231F1856686B00D6E63C /* YMGenericTableViewController.m in Sources */,
				4C4C901E1853B47E00585F4E /* UserViewController.m in Sources */,
				4CE6C3AC186CE2BF0028F963 /* MMDrawerController.m in Sources */,
				4C3179D0184410C300F7D41B /* main.m in Sources */,
				4CE6C3B1186CE2BF0028F963 /* MMExampleLeftSideDrawerViewController.m in Sources */,
				4C3179B418440F4800F7D41B /* Song.m in Sources */,
				4CE6C3B5186CE2BF0028F963 /* MMLogoView.m in Sources */,
				4CE6C3AB186CE2BF0028F963 /* MMDrawerBarButtonItem.m in Sources */,
				4CE6C3FC186F594F0028F963 /* SettingViewController.m in Sources */,
			);
			runOnlyForDeploymentPostprocessing = 0;
		};
		4C31799218440EA700F7D41B /* Sources */ = {
			isa = PBXSourcesBuildPhase;
			buildActionMask = 2147483647;
			files = (
				4C3179A418440EA700F7D41B /* MusicTests.m in Sources */,
				4C07233E1857AD7D00D6E63C /* TestXMLParser.m in Sources */,
				4C07233C1856AE5F00D6E63C /* TestNSXMLParser.m in Sources */,
			);
			runOnlyForDeploymentPostprocessing = 0;
		};
/* End PBXSourcesBuildPhase section */

/* Begin PBXTargetDependency section */
		4C31799C18440EA700F7D41B /* PBXTargetDependency */ = {
			isa = PBXTargetDependency;
			target = 4C31797418440EA700F7D41B /* Beet */;
			targetProxy = 4C31799B18440EA700F7D41B /* PBXContainerItemProxy */;
		};
/* End PBXTargetDependency section */

/* Begin PBXVariantGroup section */
		4C31798118440EA700F7D41B /* InfoPlist.strings */ = {
			isa = PBXVariantGroup;
			children = (
				4C31798218440EA700F7D41B /* en */,
			);
			name = InfoPlist.strings;
			sourceTree = "<group>";
		};
		4C3179A018440EA700F7D41B /* InfoPlist.strings */ = {
			isa = PBXVariantGroup;
			children = (
				4C3179A118440EA700F7D41B /* en */,
			);
			name = InfoPlist.strings;
			sourceTree = "<group>";
		};
/* End PBXVariantGroup section */

/* Begin XCBuildConfiguration section */
		4C3179A518440EA700F7D41B /* Debug */ = {
			isa = XCBuildConfiguration;
			buildSettings = {
				ALWAYS_SEARCH_USER_PATHS = YES;
				ARCHS = "$(ARCHS_STANDARD_INCLUDING_64_BIT)";
				CLANG_CXX_LANGUAGE_STANDARD = "gnu++0x";
				CLANG_CXX_LIBRARY = "libc++";
				CLANG_ENABLE_MODULES = YES;
				CLANG_ENABLE_OBJC_ARC = YES;
				CLANG_WARN_BOOL_CONVERSION = YES;
				CLANG_WARN_CONSTANT_CONVERSION = YES;
				CLANG_WARN_DIRECT_OBJC_ISA_USAGE = YES_ERROR;
				CLANG_WARN_EMPTY_BODY = YES;
				CLANG_WARN_ENUM_CONVERSION = YES;
				CLANG_WARN_INT_CONVERSION = YES;
				CLANG_WARN_OBJC_ROOT_CLASS = YES_ERROR;
				CLANG_WARN__DUPLICATE_METHOD_MATCH = YES;
				"CODE_SIGN_IDENTITY[sdk=iphoneos*]" = "iPhone Developer";
				COPY_PHASE_STRIP = NO;
				GCC_C_LANGUAGE_STANDARD = gnu99;
				GCC_DYNAMIC_NO_PIC = NO;
				GCC_OPTIMIZATION_LEVEL = 0;
				GCC_PREPROCESSOR_DEFINITIONS = (
					"DEBUG=1",
					"$(inherited)",
				);
				GCC_SYMBOLS_PRIVATE_EXTERN = NO;
				GCC_WARN_64_TO_32_BIT_CONVERSION = YES;
				GCC_WARN_ABOUT_RETURN_TYPE = YES_ERROR;
				GCC_WARN_UNDECLARED_SELECTOR = YES;
				GCC_WARN_UNINITIALIZED_AUTOS = YES;
				GCC_WARN_UNUSED_FUNCTION = YES;
				GCC_WARN_UNUSED_VARIABLE = YES;
				IPHONEOS_DEPLOYMENT_TARGET = 7.0;
				ONLY_ACTIVE_ARCH = YES;
				SDKROOT = iphoneos;
			};
			name = Debug;
		};
		4C3179A618440EA700F7D41B /* Release */ = {
			isa = XCBuildConfiguration;
			buildSettings = {
				ALWAYS_SEARCH_USER_PATHS = YES;
				ARCHS = "$(ARCHS_STANDARD_INCLUDING_64_BIT)";
				CLANG_CXX_LANGUAGE_STANDARD = "gnu++0x";
				CLANG_CXX_LIBRARY = "libc++";
				CLANG_ENABLE_MODULES = YES;
				CLANG_ENABLE_OBJC_ARC = YES;
				CLANG_WARN_BOOL_CONVERSION = YES;
				CLANG_WARN_CONSTANT_CONVERSION = YES;
				CLANG_WARN_DIRECT_OBJC_ISA_USAGE = YES_ERROR;
				CLANG_WARN_EMPTY_BODY = YES;
				CLANG_WARN_ENUM_CONVERSION = YES;
				CLANG_WARN_INT_CONVERSION = YES;
				CLANG_WARN_OBJC_ROOT_CLASS = YES_ERROR;
				CLANG_WARN__DUPLICATE_METHOD_MATCH = YES;
				"CODE_SIGN_IDENTITY[sdk=iphoneos*]" = "iPhone Developer";
				COPY_PHASE_STRIP = YES;
				ENABLE_NS_ASSERTIONS = NO;
				GCC_C_LANGUAGE_STANDARD = gnu99;
				GCC_WARN_64_TO_32_BIT_CONVERSION = YES;
				GCC_WARN_ABOUT_RETURN_TYPE = YES_ERROR;
				GCC_WARN_UNDECLARED_SELECTOR = YES;
				GCC_WARN_UNINITIALIZED_AUTOS = YES;
				GCC_WARN_UNUSED_FUNCTION = YES;
				GCC_WARN_UNUSED_VARIABLE = YES;
				IPHONEOS_DEPLOYMENT_TARGET = 7.0;
				SDKROOT = iphoneos;
				VALIDATE_PRODUCT = YES;
			};
			name = Release;
		};
		4C3179A818440EA700F7D41B /* Debug */ = {
			isa = XCBuildConfiguration;
			baseConfigurationReference = 5B085EF440F545DD93B4A79C /* Pods.xcconfig */;
			buildSettings = {
				ASSETCATALOG_COMPILER_APPICON_NAME = AppIcon;
				ASSETCATALOG_COMPILER_LAUNCHIMAGE_NAME = LaunchImage;
				CODE_SIGN_IDENTITY = "iPhone Developer";
				"CODE_SIGN_IDENTITY[sdk=iphoneos*]" = "iPhone Developer";
				FRAMEWORK_SEARCH_PATHS = (
					"$(inherited)",
					"\"${SRCROOT}/Music\"/**",
				);
				GCC_PRECOMPILE_PREFIX_HEADER = YES;
				GCC_PREFIX_HEADER = "Music/Beet-Prefix.pch";
				HEADER_SEARCH_PATHS = (
					"\"${PODS_ROOT}/Headers\"",
					"\"${PODS_ROOT}/Headers/AFNetworking\"",
					"\"${PODS_ROOT}/Headers/Facebook-iOS-SDK\"",
					"\"${PODS_ROOT}/Headers/Facebook-iOS-SDK/FacebookSDK\"",
					"\"${PODS_ROOT}/Headers/MMDrawerController\"",
				);
				INFOPLIST_FILE = "Music/Beet-Info.plist";
				IPHONEOS_DEPLOYMENT_TARGET = 7.0;
				OTHER_LDFLAGS = (
					"-framework",
					CoreGraphics,
					"-framework",
					MobileCoreServices,
					"-framework",
					QuartzCore,
					"-framework",
					Security,
					"-framework",
					SystemConfiguration,
				);
				PRODUCT_NAME = Beet;
				PROVISIONING_PROFILE = "";
				TARGETED_DEVICE_FAMILY = 1;
				WRAPPER_EXTENSION = app;
			};
			name = Debug;
		};
		4C3179A918440EA700F7D41B /* Release */ = {
			isa = XCBuildConfiguration;
			baseConfigurationReference = 5B085EF440F545DD93B4A79C /* Pods.xcconfig */;
			buildSettings = {
				ASSETCATALOG_COMPILER_APPICON_NAME = AppIcon;
				ASSETCATALOG_COMPILER_LAUNCHIMAGE_NAME = LaunchImage;
				CODE_SIGN_IDENTITY = "iPhone Developer";
				"CODE_SIGN_IDENTITY[sdk=iphoneos*]" = "iPhone Developer";
				FRAMEWORK_SEARCH_PATHS = (
					"$(inherited)",
					"\"${SRCROOT}/Music\"/**",
				);
				GCC_PRECOMPILE_PREFIX_HEADER = YES;
				GCC_PREFIX_HEADER = "Music/Beet-Prefix.pch";
				HEADER_SEARCH_PATHS = (
					"\"${PODS_ROOT}/Headers\"",
					"\"${PODS_ROOT}/Headers/AFNetworking\"",
					"\"${PODS_ROOT}/Headers/Facebook-iOS-SDK\"",
					"\"${PODS_ROOT}/Headers/Facebook-iOS-SDK/FacebookSDK\"",
					"\"${PODS_ROOT}/Headers/MMDrawerController\"",
				);
				INFOPLIST_FILE = "Music/Beet-Info.plist";
				IPHONEOS_DEPLOYMENT_TARGET = 7.0;
				OTHER_LDFLAGS = (
					"-framework",
					CoreGraphics,
					"-framework",
					MobileCoreServices,
					"-framework",
					QuartzCore,
					"-framework",
					Security,
					"-framework",
					SystemConfiguration,
				);
				PRODUCT_NAME = Beet;
				PROVISIONING_PROFILE = "";
				TARGETED_DEVICE_FAMILY = 1;
				WRAPPER_EXTENSION = app;
			};
			name = Release;
		};
		4C3179AB18440EA700F7D41B /* Debug */ = {
			isa = XCBuildConfiguration;
			buildSettings = {
				ALWAYS_SEARCH_USER_PATHS = YES;
				ARCHS = "$(ARCHS_STANDARD_INCLUDING_64_BIT)";
				BUNDLE_LOADER = "$(BUILT_PRODUCTS_DIR)/Beet.app/Beet";
				FRAMEWORK_SEARCH_PATHS = (
					"$(SDKROOT)/Developer/Library/Frameworks/**",
					"$(inherited)",
					"$(DEVELOPER_FRAMEWORKS_DIR)",
					/Users/Michael/Developer/github/Beet/Music/Framework,
					/Users/Michael/Developer/github/Beet,
				);
				GCC_PRECOMPILE_PREFIX_HEADER = YES;
				GCC_PREFIX_HEADER = "Music/Beet-Prefix.pch";
				GCC_PREPROCESSOR_DEFINITIONS = (
					"DEBUG=1",
					"$(inherited)",
				);
				HEADER_SEARCH_PATHS = (
					"$(inherited)",
					/Applications/Xcode.app/Contents/Developer/Toolchains/XcodeDefault.xctoolchain/usr/include,
					"\"${PODS_ROOT}/Headers\"/**",
				);
				INFOPLIST_FILE = "MusicTests/BeetTests-Info.plist";
				PRODUCT_NAME = BeetTests;
				TEST_HOST = "$(BUNDLE_LOADER)";
				WRAPPER_EXTENSION = xctest;
			};
			name = Debug;
		};
		4C3179AC18440EA700F7D41B /* Release */ = {
			isa = XCBuildConfiguration;
			buildSettings = {
				ALWAYS_SEARCH_USER_PATHS = YES;
				ARCHS = "$(ARCHS_STANDARD_INCLUDING_64_BIT)";
				BUNDLE_LOADER = "$(BUILT_PRODUCTS_DIR)/Beet.app/Beet";
				FRAMEWORK_SEARCH_PATHS = (
					"$(SDKROOT)/Developer/Library/Frameworks/**",
					"$(inherited)",
					"$(DEVELOPER_FRAMEWORKS_DIR)",
					/Users/Michael/Developer/github/Beet/Music/Framework,
					/Users/Michael/Developer/github/Beet,
				);
				GCC_PRECOMPILE_PREFIX_HEADER = YES;
				GCC_PREFIX_HEADER = "Music/Beet-Prefix.pch";
				HEADER_SEARCH_PATHS = (
					"$(inherited)",
					/Applications/Xcode.app/Contents/Developer/Toolchains/XcodeDefault.xctoolchain/usr/include,
					"\"${PODS_ROOT}/Headers\"/**",
				);
				INFOPLIST_FILE = "MusicTests/BeetTests-Info.plist";
				PRODUCT_NAME = BeetTests;
				TEST_HOST = "$(BUNDLE_LOADER)";
				WRAPPER_EXTENSION = xctest;
			};
			name = Release;
		};
/* End XCBuildConfiguration section */

/* Begin XCConfigurationList section */
		4C31797018440EA700F7D41B /* Build configuration list for PBXProject "Beet" */ = {
			isa = XCConfigurationList;
			buildConfigurations = (
				4C3179A518440EA700F7D41B /* Debug */,
				4C3179A618440EA700F7D41B /* Release */,
			);
			defaultConfigurationIsVisible = 0;
			defaultConfigurationName = Release;
		};
		4C3179A718440EA700F7D41B /* Build configuration list for PBXNativeTarget "Beet" */ = {
			isa = XCConfigurationList;
			buildConfigurations = (
				4C3179A818440EA700F7D41B /* Debug */,
				4C3179A918440EA700F7D41B /* Release */,
			);
			defaultConfigurationIsVisible = 0;
			defaultConfigurationName = Release;
		};
		4C3179AA18440EA700F7D41B /* Build configuration list for PBXNativeTarget "BeetTests" */ = {
			isa = XCConfigurationList;
			buildConfigurations = (
				4C3179AB18440EA700F7D41B /* Debug */,
				4C3179AC18440EA700F7D41B /* Release */,
			);
			defaultConfigurationIsVisible = 0;
			defaultConfigurationName = Release;
		};
/* End XCConfigurationList section */

/* Begin XCVersionGroup section */
		4C3179B218440F4800F7D41B /* Song.xcdatamodeld */ = {
			isa = XCVersionGroup;
			children = (
				4C3179B318440F4800F7D41B /* Song.xcdatamodel */,
			);
			currentVersion = 4C3179B318440F4800F7D41B /* Song.xcdatamodel */;
			name = Song.xcdatamodeld;
			path = Model/Song.xcdatamodeld;
			sourceTree = "<group>";
			versionGroupType = wrapper.xcdatamodel;
		};
/* End XCVersionGroup section */
	};
	rootObject = 4C31796D18440EA700F7D41B /* Project object */;
}
