// !$*UTF8*$!
{
	archiveVersion = 1;
	classes = {
	};
	objectVersion = 46;
	objects = {

/* Begin PBXBuildFile section */
		4C31797918440EA700F7D41B /* Foundation.framework in Frameworks */ = {isa = PBXBuildFile; fileRef = 4C31797818440EA700F7D41B /* Foundation.framework */; };
		4C31797B18440EA700F7D41B /* CoreGraphics.framework in Frameworks */ = {isa = PBXBuildFile; fileRef = 4C31797A18440EA700F7D41B /* CoreGraphics.framework */; };
		4C31797D18440EA700F7D41B /* UIKit.framework in Frameworks */ = {isa = PBXBuildFile; fileRef = 4C31797C18440EA700F7D41B /* UIKit.framework */; };
		4C31798318440EA700F7D41B /* InfoPlist.strings in Resources */ = {isa = PBXBuildFile; fileRef = 4C31798118440EA700F7D41B /* InfoPlist.strings */; };
		4C31799118440EA700F7D41B /* Images.xcassets in Resources */ = {isa = PBXBuildFile; fileRef = 4C31799018440EA700F7D41B /* Images.xcassets */; };
		4C31799818440EA700F7D41B /* XCTest.framework in Frameworks */ = {isa = PBXBuildFile; fileRef = 4C31799718440EA700F7D41B /* XCTest.framework */; };
		4C31799918440EA700F7D41B /* Foundation.framework in Frameworks */ = {isa = PBXBuildFile; fileRef = 4C31797818440EA700F7D41B /* Foundation.framework */; };
		4C31799A18440EA700F7D41B /* UIKit.framework in Frameworks */ = {isa = PBXBuildFile; fileRef = 4C31797C18440EA700F7D41B /* UIKit.framework */; };
		4C3179A218440EA700F7D41B /* InfoPlist.strings in Resources */ = {isa = PBXBuildFile; fileRef = 4C3179A018440EA700F7D41B /* InfoPlist.strings */; };
		4C3179A418440EA700F7D41B /* MusicTests.m in Sources */ = {isa = PBXBuildFile; fileRef = 4C3179A318440EA700F7D41B /* MusicTests.m */; };
		4C3179B418440F4800F7D41B /* Song.m in Sources */ = {isa = PBXBuildFile; fileRef = 4C3179B118440F4800F7D41B /* Song.m */; };
		4C3179B518440F4800F7D41B /* Song.xcdatamodeld in Sources */ = {isa = PBXBuildFile; fileRef = 4C3179B218440F4800F7D41B /* Song.xcdatamodeld */; };
		4C3179BA18440F5300F7D41B /* AppDelegate.m in Sources */ = {isa = PBXBuildFile; fileRef = 4C3179B718440F5300F7D41B /* AppDelegate.m */; };
		4C3179C218440FAA00F7D41B /* CoreData.framework in Frameworks */ = {isa = PBXBuildFile; fileRef = 4C3179C118440FAA00F7D41B /* CoreData.framework */; };
		4C3179C71844103400F7D41B /* SampleMusicViewController.m in Sources */ = {isa = PBXBuildFile; fileRef = 4C3179C41844103400F7D41B /* SampleMusicViewController.m */; };
		4C3179C81844103400F7D41B /* TableViewController.m in Sources */ = {isa = PBXBuildFile; fileRef = 4C3179C61844103400F7D41B /* TableViewController.m */; };
		4C3179CA1844107800F7D41B /* AVFoundation.framework in Frameworks */ = {isa = PBXBuildFile; fileRef = 4C3179C91844107800F7D41B /* AVFoundation.framework */; };
		4C3179CC1844107D00F7D41B /* MediaPlayer.framework in Frameworks */ = {isa = PBXBuildFile; fileRef = 4C3179CB1844107D00F7D41B /* MediaPlayer.framework */; };
		4C3179D0184410C300F7D41B /* main.m in Sources */ = {isa = PBXBuildFile; fileRef = 4C3179CD184410C300F7D41B /* main.m */; };
		4C3179D1184410C300F7D41B /* Beet-Info.plist in Resources */ = {isa = PBXBuildFile; fileRef = 4C3179CE184410C300F7D41B /* Beet-Info.plist */; };
		4C3179D61844112E00F7D41B /* Main.storyboard in Resources */ = {isa = PBXBuildFile; fileRef = 4C3179D41844112E00F7D41B /* Main.storyboard */; };
		4CD0D6EE1851234900350E0C /* MainViewController.m in Sources */ = {isa = PBXBuildFile; fileRef = 4CD0D6ED1851234900350E0C /* MainViewController.m */; };
		4CD0D6F31851281800350E0C /* Parse.framework in Frameworks */ = {isa = PBXBuildFile; fileRef = 4CD0D6F21851281800350E0C /* Parse.framework */; };
		4CD0D70218515CC100350E0C /* MMExampleCenterTableViewController.m in Sources */ = {isa = PBXBuildFile; fileRef = 4CD0D6F518515CC100350E0C /* MMExampleCenterTableViewController.m */; };
		4CD0D70318515CC100350E0C /* MMExampleDrawerVisualStateManager.m in Sources */ = {isa = PBXBuildFile; fileRef = 4CD0D6F718515CC100350E0C /* MMExampleDrawerVisualStateManager.m */; };
		4CD0D70418515CC100350E0C /* MMExampleLeftSideDrawerViewController.m in Sources */ = {isa = PBXBuildFile; fileRef = 4CD0D6F918515CC100350E0C /* MMExampleLeftSideDrawerViewController.m */; };
		4CD0D70518515CC100350E0C /* MMExampleRightSideDrawerViewController.m in Sources */ = {isa = PBXBuildFile; fileRef = 4CD0D6FB18515CC100350E0C /* MMExampleRightSideDrawerViewController.m */; };
		4CD0D70618515CC100350E0C /* MMExampleSideDrawerViewController.m in Sources */ = {isa = PBXBuildFile; fileRef = 4CD0D6FD18515CC100350E0C /* MMExampleSideDrawerViewController.m */; };
		4CD0D70718515CC100350E0C /* MMExampleViewController.m in Sources */ = {isa = PBXBuildFile; fileRef = 4CD0D6FF18515CC100350E0C /* MMExampleViewController.m */; };
		4CD0D70818515CC100350E0C /* MMNavigationController.m in Sources */ = {isa = PBXBuildFile; fileRef = 4CD0D70118515CC100350E0C /* MMNavigationController.m */; };
		4CD0D70D185164DD00350E0C /* MMSideDrawerSectionHeaderView.m in Sources */ = {isa = PBXBuildFile; fileRef = 4CD0D70A185164DD00350E0C /* MMSideDrawerSectionHeaderView.m */; };
		4CD0D70E185164DD00350E0C /* MMSideDrawerTableViewCell.m in Sources */ = {isa = PBXBuildFile; fileRef = 4CD0D70C185164DD00350E0C /* MMSideDrawerTableViewCell.m */; };
		4CD0D711185164F100350E0C /* MMLogoView.m in Sources */ = {isa = PBXBuildFile; fileRef = 4CD0D710185164F100350E0C /* MMLogoView.m */; };
		4CD0D71C1851667E00350E0C /* MMDrawerBarButtonItem.m in Sources */ = {isa = PBXBuildFile; fileRef = 4CD0D7141851667E00350E0C /* MMDrawerBarButtonItem.m */; };
		4CD0D71D1851667E00350E0C /* MMDrawerController.m in Sources */ = {isa = PBXBuildFile; fileRef = 4CD0D7161851667E00350E0C /* MMDrawerController.m */; };
		4CD0D71E1851667E00350E0C /* MMDrawerVisualState.m in Sources */ = {isa = PBXBuildFile; fileRef = 4CD0D7191851667E00350E0C /* MMDrawerVisualState.m */; };
		4CD0D71F1851667E00350E0C /* UIViewController+MMDrawerController.m in Sources */ = {isa = PBXBuildFile; fileRef = 4CD0D71B1851667E00350E0C /* UIViewController+MMDrawerController.m */; };
		4CD0D7221851671700350E0C /* MMTableViewCell.m in Sources */ = {isa = PBXBuildFile; fileRef = 4CD0D7211851671700350E0C /* MMTableViewCell.m */; };
		4CD0D7241851673900350E0C /* MMCenterTableViewCell.m in Sources */ = {isa = PBXBuildFile; fileRef = 4CD0D7231851673900350E0C /* MMCenterTableViewCell.m */; };
		4CEBEE2D184ADEA80018ABE0 /* SystemConfiguration.framework in Frameworks */ = {isa = PBXBuildFile; fileRef = 4CEBEE2C184ADEA80018ABE0 /* SystemConfiguration.framework */; };
		4CEBEE2F184ADEDF0018ABE0 /* CFNetwork.framework in Frameworks */ = {isa = PBXBuildFile; fileRef = 4CEBEE2E184ADEDF0018ABE0 /* CFNetwork.framework */; };
		4CEBEE31184ADEE80018ABE0 /* MobileCoreServices.framework in Frameworks */ = {isa = PBXBuildFile; fileRef = 4CEBEE30184ADEE80018ABE0 /* MobileCoreServices.framework */; };
		4CEBEE33184ADEFC0018ABE0 /* CoreFoundation.framework in Frameworks */ = {isa = PBXBuildFile; fileRef = 4CEBEE32184ADEFC0018ABE0 /* CoreFoundation.framework */; };
		4CEBEE35184ADF0C0018ABE0 /* libxml2.dylib in Frameworks */ = {isa = PBXBuildFile; fileRef = 4CEBEE34184ADF0C0018ABE0 /* libxml2.dylib */; };
		4CEBEE3D184CE0790018ABE0 /* MyLogInViewController.m in Sources */ = {isa = PBXBuildFile; fileRef = 4CEBEE38184CE0780018ABE0 /* MyLogInViewController.m */; };
		4CEBEE3E184CE0790018ABE0 /* MySignUpViewController.m in Sources */ = {isa = PBXBuildFile; fileRef = 4CEBEE3A184CE0780018ABE0 /* MySignUpViewController.m */; };
		4CEBEE3F184CE0790018ABE0 /* SubclassConfigViewController.m in Sources */ = {isa = PBXBuildFile; fileRef = 4CEBEE3C184CE0780018ABE0 /* SubclassConfigViewController.m */; };
		4CEBEE41184CE16C0018ABE0 /* CoreLocation.framework in Frameworks */ = {isa = PBXBuildFile; fileRef = 4CEBEE40184CE16B0018ABE0 /* CoreLocation.framework */; };
		4CEBEE4F184CE3D00018ABE0 /* Exit.png in Resources */ = {isa = PBXBuildFile; fileRef = 4CEBEE43184CE3D00018ABE0 /* Exit.png */; };
		4CEBEE50184CE3D00018ABE0 /* ExitDown.png in Resources */ = {isa = PBXBuildFile; fileRef = 4CEBEE44184CE3D00018ABE0 /* ExitDown.png */; };
		4CEBEE51184CE3D00018ABE0 /* Facebook.png in Resources */ = {isa = PBXBuildFile; fileRef = 4CEBEE45184CE3D00018ABE0 /* Facebook.png */; };
		4CEBEE52184CE3D00018ABE0 /* FacebookDown.png in Resources */ = {isa = PBXBuildFile; fileRef = 4CEBEE46184CE3D00018ABE0 /* FacebookDown.png */; };
		4CEBEE53184CE3D00018ABE0 /* LoginFieldBG.png in Resources */ = {isa = PBXBuildFile; fileRef = 4CEBEE47184CE3D00018ABE0 /* LoginFieldBG.png */; };
		4CEBEE54184CE3D00018ABE0 /* Logo.png in Resources */ = {isa = PBXBuildFile; fileRef = 4CEBEE48184CE3D00018ABE0 /* Logo.png */; };
		4CEBEE55184CE3D00018ABE0 /* MainBG.png in Resources */ = {isa = PBXBuildFile; fileRef = 4CEBEE49184CE3D00018ABE0 /* MainBG.png */; };
		4CEBEE56184CE3D00018ABE0 /* SignUp.png in Resources */ = {isa = PBXBuildFile; fileRef = 4CEBEE4A184CE3D00018ABE0 /* SignUp.png */; };
		4CEBEE57184CE3D00018ABE0 /* SignUpDown.png in Resources */ = {isa = PBXBuildFile; fileRef = 4CEBEE4B184CE3D00018ABE0 /* SignUpDown.png */; };
		4CEBEE58184CE3D00018ABE0 /* SignUpFieldBG.png in Resources */ = {isa = PBXBuildFile; fileRef = 4CEBEE4C184CE3D00018ABE0 /* SignUpFieldBG.png */; };
		4CEBEE59184CE3D00018ABE0 /* Twitter.png in Resources */ = {isa = PBXBuildFile; fileRef = 4CEBEE4D184CE3D00018ABE0 /* Twitter.png */; };
		4CEBEE5A184CE3D00018ABE0 /* TwitterDown.png in Resources */ = {isa = PBXBuildFile; fileRef = 4CEBEE4E184CE3D00018ABE0 /* TwitterDown.png */; };
		EF77F77D7AA64C47900A60DB /* libPods.a in Frameworks */ = {isa = PBXBuildFile; fileRef = F724E3B98E8440059B00A6C0 /* libPods.a */; };
/* End PBXBuildFile section */

/* Begin PBXContainerItemProxy section */
		4C31799B18440EA700F7D41B /* PBXContainerItemProxy */ = {
			isa = PBXContainerItemProxy;
			containerPortal = 4C31796D18440EA700F7D41B /* Project object */;
			proxyType = 1;
			remoteGlobalIDString = 4C31797418440EA700F7D41B;
			remoteInfo = Music;
		};
/* End PBXContainerItemProxy section */

/* Begin PBXFileReference section */
		4C31797518440EA700F7D41B /* Beet.app */ = {isa = PBXFileReference; explicitFileType = wrapper.application; includeInIndex = 0; path = Beet.app; sourceTree = BUILT_PRODUCTS_DIR; };
		4C31797818440EA700F7D41B /* Foundation.framework */ = {isa = PBXFileReference; lastKnownFileType = wrapper.framework; name = Foundation.framework; path = System/Library/Frameworks/Foundation.framework; sourceTree = SDKROOT; };
		4C31797A18440EA700F7D41B /* CoreGraphics.framework */ = {isa = PBXFileReference; lastKnownFileType = wrapper.framework; name = CoreGraphics.framework; path = System/Library/Frameworks/CoreGraphics.framework; sourceTree = SDKROOT; };
		4C31797C18440EA700F7D41B /* UIKit.framework */ = {isa = PBXFileReference; lastKnownFileType = wrapper.framework; name = UIKit.framework; path = System/Library/Frameworks/UIKit.framework; sourceTree = SDKROOT; };
		4C31798218440EA700F7D41B /* en */ = {isa = PBXFileReference; lastKnownFileType = text.plist.strings; name = en; path = en.lproj/InfoPlist.strings; sourceTree = "<group>"; };
		4C31799018440EA700F7D41B /* Images.xcassets */ = {isa = PBXFileReference; lastKnownFileType = folder.assetcatalog; path = Images.xcassets; sourceTree = "<group>"; };
		4C31799618440EA700F7D41B /* BeetTests.xctest */ = {isa = PBXFileReference; explicitFileType = wrapper.cfbundle; includeInIndex = 0; path = BeetTests.xctest; sourceTree = BUILT_PRODUCTS_DIR; };
		4C31799718440EA700F7D41B /* XCTest.framework */ = {isa = PBXFileReference; lastKnownFileType = wrapper.framework; name = XCTest.framework; path = Library/Frameworks/XCTest.framework; sourceTree = DEVELOPER_DIR; };
		4C31799F18440EA700F7D41B /* BeetTests-Info.plist */ = {isa = PBXFileReference; lastKnownFileType = text.plist.xml; path = "BeetTests-Info.plist"; sourceTree = "<group>"; };
		4C3179A118440EA700F7D41B /* en */ = {isa = PBXFileReference; lastKnownFileType = text.plist.strings; name = en; path = en.lproj/InfoPlist.strings; sourceTree = "<group>"; };
		4C3179A318440EA700F7D41B /* MusicTests.m */ = {isa = PBXFileReference; lastKnownFileType = sourcecode.c.objc; path = MusicTests.m; sourceTree = "<group>"; };
		4C3179B018440F4800F7D41B /* Song.h */ = {isa = PBXFileReference; fileEncoding = 4; lastKnownFileType = sourcecode.c.h; name = Song.h; path = Model/Song.h; sourceTree = "<group>"; };
		4C3179B118440F4800F7D41B /* Song.m */ = {isa = PBXFileReference; fileEncoding = 4; lastKnownFileType = sourcecode.c.objc; name = Song.m; path = Model/Song.m; sourceTree = "<group>"; };
		4C3179B318440F4800F7D41B /* Song.xcdatamodel */ = {isa = PBXFileReference; lastKnownFileType = wrapper.xcdatamodel; path = Song.xcdatamodel; sourceTree = "<group>"; };
		4C3179B618440F5300F7D41B /* AppDelegate.h */ = {isa = PBXFileReference; fileEncoding = 4; lastKnownFileType = sourcecode.c.h; name = AppDelegate.h; path = Controller/AppDelegate.h; sourceTree = "<group>"; };
		4C3179B718440F5300F7D41B /* AppDelegate.m */ = {isa = PBXFileReference; fileEncoding = 4; lastKnownFileType = sourcecode.c.objc; name = AppDelegate.m; path = Controller/AppDelegate.m; sourceTree = "<group>"; };
		4C3179C118440FAA00F7D41B /* CoreData.framework */ = {isa = PBXFileReference; lastKnownFileType = wrapper.framework; name = CoreData.framework; path = System/Library/Frameworks/CoreData.framework; sourceTree = SDKROOT; };
		4C3179C31844103400F7D41B /* SampleMusicViewController.h */ = {isa = PBXFileReference; fileEncoding = 4; lastKnownFileType = sourcecode.c.h; name = SampleMusicViewController.h; path = Controller/SampleMusicViewController.h; sourceTree = "<group>"; };
		4C3179C41844103400F7D41B /* SampleMusicViewController.m */ = {isa = PBXFileReference; fileEncoding = 4; lastKnownFileType = sourcecode.c.objc; name = SampleMusicViewController.m; path = Controller/SampleMusicViewController.m; sourceTree = "<group>"; };
		4C3179C51844103400F7D41B /* TableViewController.h */ = {isa = PBXFileReference; fileEncoding = 4; lastKnownFileType = sourcecode.c.h; name = TableViewController.h; path = Controller/TableViewController.h; sourceTree = "<group>"; };
		4C3179C61844103400F7D41B /* TableViewController.m */ = {isa = PBXFileReference; fileEncoding = 4; lastKnownFileType = sourcecode.c.objc; name = TableViewController.m; path = Controller/TableViewController.m; sourceTree = "<group>"; };
		4C3179C91844107800F7D41B /* AVFoundation.framework */ = {isa = PBXFileReference; lastKnownFileType = wrapper.framework; name = AVFoundation.framework; path = System/Library/Frameworks/AVFoundation.framework; sourceTree = SDKROOT; };
		4C3179CB1844107D00F7D41B /* MediaPlayer.framework */ = {isa = PBXFileReference; lastKnownFileType = wrapper.framework; name = MediaPlayer.framework; path = System/Library/Frameworks/MediaPlayer.framework; sourceTree = SDKROOT; };
		4C3179CD184410C300F7D41B /* main.m */ = {isa = PBXFileReference; fileEncoding = 4; lastKnownFileType = sourcecode.c.objc; path = main.m; sourceTree = "<group>"; };
		4C3179CE184410C300F7D41B /* Beet-Info.plist */ = {isa = PBXFileReference; fileEncoding = 4; lastKnownFileType = text.plist.xml; path = "Beet-Info.plist"; sourceTree = "<group>"; };
		4C3179CF184410C300F7D41B /* Beet-Prefix.pch */ = {isa = PBXFileReference; fileEncoding = 4; lastKnownFileType = sourcecode.c.h; path = "Beet-Prefix.pch"; sourceTree = "<group>"; };
		4C3179D51844112E00F7D41B /* en */ = {isa = PBXFileReference; lastKnownFileType = file.storyboard; name = en; path = en.lproj/Main.storyboard; sourceTree = "<group>"; };
		4CD0D6EC1851234900350E0C /* MainViewController.h */ = {isa = PBXFileReference; fileEncoding = 4; lastKnownFileType = sourcecode.c.h; name = MainViewController.h; path = Controller/MainViewController.h; sourceTree = "<group>"; };
		4CD0D6ED1851234900350E0C /* MainViewController.m */ = {isa = PBXFileReference; fileEncoding = 4; lastKnownFileType = sourcecode.c.objc; name = MainViewController.m; path = Controller/MainViewController.m; sourceTree = "<group>"; };
		4CD0D6F21851281800350E0C /* Parse.framework */ = {isa = PBXFileReference; lastKnownFileType = wrapper.framework; name = Parse.framework; path = Music/Framework/Parse.framework; sourceTree = "<group>"; };
		4CD0D6F418515CC100350E0C /* MMExampleCenterTableViewController.h */ = {isa = PBXFileReference; fileEncoding = 4; lastKnownFileType = sourcecode.c.h; path = MMExampleCenterTableViewController.h; sourceTree = "<group>"; };
		4CD0D6F518515CC100350E0C /* MMExampleCenterTableViewController.m */ = {isa = PBXFileReference; fileEncoding = 4; lastKnownFileType = sourcecode.c.objc; path = MMExampleCenterTableViewController.m; sourceTree = "<group>"; };
		4CD0D6F618515CC100350E0C /* MMExampleDrawerVisualStateManager.h */ = {isa = PBXFileReference; fileEncoding = 4; lastKnownFileType = sourcecode.c.h; path = MMExampleDrawerVisualStateManager.h; sourceTree = "<group>"; };
		4CD0D6F718515CC100350E0C /* MMExampleDrawerVisualStateManager.m */ = {isa = PBXFileReference; fileEncoding = 4; lastKnownFileType = sourcecode.c.objc; path = MMExampleDrawerVisualStateManager.m; sourceTree = "<group>"; };
		4CD0D6F818515CC100350E0C /* MMExampleLeftSideDrawerViewController.h */ = {isa = PBXFileReference; fileEncoding = 4; lastKnownFileType = sourcecode.c.h; path = MMExampleLeftSideDrawerViewController.h; sourceTree = "<group>"; };
		4CD0D6F918515CC100350E0C /* MMExampleLeftSideDrawerViewController.m */ = {isa = PBXFileReference; fileEncoding = 4; lastKnownFileType = sourcecode.c.objc; path = MMExampleLeftSideDrawerViewController.m; sourceTree = "<group>"; };
		4CD0D6FA18515CC100350E0C /* MMExampleRightSideDrawerViewController.h */ = {isa = PBXFileReference; fileEncoding = 4; lastKnownFileType = sourcecode.c.h; path = MMExampleRightSideDrawerViewController.h; sourceTree = "<group>"; };
		4CD0D6FB18515CC100350E0C /* MMExampleRightSideDrawerViewController.m */ = {isa = PBXFileReference; fileEncoding = 4; lastKnownFileType = sourcecode.c.objc; path = MMExampleRightSideDrawerViewController.m; sourceTree = "<group>"; };
		4CD0D6FC18515CC100350E0C /* MMExampleSideDrawerViewController.h */ = {isa = PBXFileReference; fileEncoding = 4; lastKnownFileType = sourcecode.c.h; path = MMExampleSideDrawerViewController.h; sourceTree = "<group>"; };
		4CD0D6FD18515CC100350E0C /* MMExampleSideDrawerViewController.m */ = {isa = PBXFileReference; fileEncoding = 4; lastKnownFileType = sourcecode.c.objc; path = MMExampleSideDrawerViewController.m; sourceTree = "<group>"; };
		4CD0D6FE18515CC100350E0C /* MMExampleViewController.h */ = {isa = PBXFileReference; fileEncoding = 4; lastKnownFileType = sourcecode.c.h; path = MMExampleViewController.h; sourceTree = "<group>"; };
		4CD0D6FF18515CC100350E0C /* MMExampleViewController.m */ = {isa = PBXFileReference; fileEncoding = 4; lastKnownFileType = sourcecode.c.objc; path = MMExampleViewController.m; sourceTree = "<group>"; };
		4CD0D70018515CC100350E0C /* MMNavigationController.h */ = {isa = PBXFileReference; fileEncoding = 4; lastKnownFileType = sourcecode.c.h; path = MMNavigationController.h; sourceTree = "<group>"; };
		4CD0D70118515CC100350E0C /* MMNavigationController.m */ = {isa = PBXFileReference; fileEncoding = 4; lastKnownFileType = sourcecode.c.objc; path = MMNavigationController.m; sourceTree = "<group>"; };
		4CD0D709185164DD00350E0C /* MMSideDrawerSectionHeaderView.h */ = {isa = PBXFileReference; fileEncoding = 4; lastKnownFileType = sourcecode.c.h; path = MMSideDrawerSectionHeaderView.h; sourceTree = "<group>"; };
		4CD0D70A185164DD00350E0C /* MMSideDrawerSectionHeaderView.m */ = {isa = PBXFileReference; fileEncoding = 4; lastKnownFileType = sourcecode.c.objc; path = MMSideDrawerSectionHeaderView.m; sourceTree = "<group>"; };
		4CD0D70B185164DD00350E0C /* MMSideDrawerTableViewCell.h */ = {isa = PBXFileReference; fileEncoding = 4; lastKnownFileType = sourcecode.c.h; path = MMSideDrawerTableViewCell.h; sourceTree = "<group>"; };
		4CD0D70C185164DD00350E0C /* MMSideDrawerTableViewCell.m */ = {isa = PBXFileReference; fileEncoding = 4; lastKnownFileType = sourcecode.c.objc; path = MMSideDrawerTableViewCell.m; sourceTree = "<group>"; };
		4CD0D70F185164F100350E0C /* MMLogoView.h */ = {isa = PBXFileReference; fileEncoding = 4; lastKnownFileType = sourcecode.c.h; path = MMLogoView.h; sourceTree = "<group>"; };
		4CD0D710185164F100350E0C /* MMLogoView.m */ = {isa = PBXFileReference; fileEncoding = 4; lastKnownFileType = sourcecode.c.objc; path = MMLogoView.m; sourceTree = "<group>"; };
		4CD0D7131851667E00350E0C /* MMDrawerBarButtonItem.h */ = {isa = PBXFileReference; fileEncoding = 4; lastKnownFileType = sourcecode.c.h; path = MMDrawerBarButtonItem.h; sourceTree = "<group>"; };
		4CD0D7141851667E00350E0C /* MMDrawerBarButtonItem.m */ = {isa = PBXFileReference; fileEncoding = 4; lastKnownFileType = sourcecode.c.objc; path = MMDrawerBarButtonItem.m; sourceTree = "<group>"; };
		4CD0D7151851667E00350E0C /* MMDrawerController.h */ = {isa = PBXFileReference; fileEncoding = 4; lastKnownFileType = sourcecode.c.h; path = MMDrawerController.h; sourceTree = "<group>"; };
		4CD0D7161851667E00350E0C /* MMDrawerController.m */ = {isa = PBXFileReference; fileEncoding = 4; lastKnownFileType = sourcecode.c.objc; path = MMDrawerController.m; sourceTree = "<group>"; };
		4CD0D7171851667E00350E0C /* MMDrawerController+Subclass.h */ = {isa = PBXFileReference; fileEncoding = 4; lastKnownFileType = sourcecode.c.h; path = "MMDrawerController+Subclass.h"; sourceTree = "<group>"; };
		4CD0D7181851667E00350E0C /* MMDrawerVisualState.h */ = {isa = PBXFileReference; fileEncoding = 4; lastKnownFileType = sourcecode.c.h; path = MMDrawerVisualState.h; sourceTree = "<group>"; };
		4CD0D7191851667E00350E0C /* MMDrawerVisualState.m */ = {isa = PBXFileReference; fileEncoding = 4; lastKnownFileType = sourcecode.c.objc; path = MMDrawerVisualState.m; sourceTree = "<group>"; };
		4CD0D71A1851667E00350E0C /* UIViewController+MMDrawerController.h */ = {isa = PBXFileReference; fileEncoding = 4; lastKnownFileType = sourcecode.c.h; path = "UIViewController+MMDrawerController.h"; sourceTree = "<group>"; };
		4CD0D71B1851667E00350E0C /* UIViewController+MMDrawerController.m */ = {isa = PBXFileReference; fileEncoding = 4; lastKnownFileType = sourcecode.c.objc; path = "UIViewController+MMDrawerController.m"; sourceTree = "<group>"; };
		4CD0D7201851671700350E0C /* MMTableViewCell.h */ = {isa = PBXFileReference; fileEncoding = 4; lastKnownFileType = sourcecode.c.h; path = MMTableViewCell.h; sourceTree = "<group>"; };
		4CD0D7211851671700350E0C /* MMTableViewCell.m */ = {isa = PBXFileReference; fileEncoding = 4; lastKnownFileType = sourcecode.c.objc; path = MMTableViewCell.m; sourceTree = "<group>"; };
		4CD0D7231851673900350E0C /* MMCenterTableViewCell.m */ = {isa = PBXFileReference; fileEncoding = 4; lastKnownFileType = sourcecode.c.objc; path = MMCenterTableViewCell.m; sourceTree = "<group>"; };
		4CD0D7251851673E00350E0C /* MMCenterTableViewCell.h */ = {isa = PBXFileReference; lastKnownFileType = sourcecode.c.h; path = MMCenterTableViewCell.h; sourceTree = "<group>"; };
		4CEBEE2C184ADEA80018ABE0 /* SystemConfiguration.framework */ = {isa = PBXFileReference; lastKnownFileType = wrapper.framework; name = SystemConfiguration.framework; path = System/Library/Frameworks/SystemConfiguration.framework; sourceTree = SDKROOT; };
		4CEBEE2E184ADEDF0018ABE0 /* CFNetwork.framework */ = {isa = PBXFileReference; lastKnownFileType = wrapper.framework; name = CFNetwork.framework; path = System/Library/Frameworks/CFNetwork.framework; sourceTree = SDKROOT; };
		4CEBEE30184ADEE80018ABE0 /* MobileCoreServices.framework */ = {isa = PBXFileReference; lastKnownFileType = wrapper.framework; name = MobileCoreServices.framework; path = System/Library/Frameworks/MobileCoreServices.framework; sourceTree = SDKROOT; };
		4CEBEE32184ADEFC0018ABE0 /* CoreFoundation.framework */ = {isa = PBXFileReference; lastKnownFileType = wrapper.framework; name = CoreFoundation.framework; path = System/Library/Frameworks/CoreFoundation.framework; sourceTree = SDKROOT; };
		4CEBEE34184ADF0C0018ABE0 /* libxml2.dylib */ = {isa = PBXFileReference; lastKnownFileType = "compiled.mach-o.dylib"; name = libxml2.dylib; path = usr/lib/libxml2.dylib; sourceTree = SDKROOT; };
		4CEBEE37184CE0780018ABE0 /* MyLogInViewController.h */ = {isa = PBXFileReference; fileEncoding = 4; lastKnownFileType = sourcecode.c.h; path = MyLogInViewController.h; sourceTree = "<group>"; };
		4CEBEE38184CE0780018ABE0 /* MyLogInViewController.m */ = {isa = PBXFileReference; fileEncoding = 4; lastKnownFileType = sourcecode.c.objc; path = MyLogInViewController.m; sourceTree = "<group>"; };
		4CEBEE39184CE0780018ABE0 /* MySignUpViewController.h */ = {isa = PBXFileReference; fileEncoding = 4; lastKnownFileType = sourcecode.c.h; path = MySignUpViewController.h; sourceTree = "<group>"; };
		4CEBEE3A184CE0780018ABE0 /* MySignUpViewController.m */ = {isa = PBXFileReference; fileEncoding = 4; lastKnownFileType = sourcecode.c.objc; path = MySignUpViewController.m; sourceTree = "<group>"; };
		4CEBEE3B184CE0780018ABE0 /* SubclassConfigViewController.h */ = {isa = PBXFileReference; fileEncoding = 4; lastKnownFileType = sourcecode.c.h; path = SubclassConfigViewController.h; sourceTree = "<group>"; };
		4CEBEE3C184CE0780018ABE0 /* SubclassConfigViewController.m */ = {isa = PBXFileReference; fileEncoding = 4; lastKnownFileType = sourcecode.c.objc; path = SubclassConfigViewController.m; sourceTree = "<group>"; };
		4CEBEE40184CE16B0018ABE0 /* CoreLocation.framework */ = {isa = PBXFileReference; lastKnownFileType = wrapper.framework; name = CoreLocation.framework; path = System/Library/Frameworks/CoreLocation.framework; sourceTree = SDKROOT; };
		4CEBEE43184CE3D00018ABE0 /* Exit.png */ = {isa = PBXFileReference; lastKnownFileType = image.png; path = Exit.png; sourceTree = "<group>"; };
		4CEBEE44184CE3D00018ABE0 /* ExitDown.png */ = {isa = PBXFileReference; lastKnownFileType = image.png; path = ExitDown.png; sourceTree = "<group>"; };
		4CEBEE45184CE3D00018ABE0 /* Facebook.png */ = {isa = PBXFileReference; lastKnownFileType = image.png; path = Facebook.png; sourceTree = "<group>"; };
		4CEBEE46184CE3D00018ABE0 /* FacebookDown.png */ = {isa = PBXFileReference; lastKnownFileType = image.png; path = FacebookDown.png; sourceTree = "<group>"; };
		4CEBEE47184CE3D00018ABE0 /* LoginFieldBG.png */ = {isa = PBXFileReference; lastKnownFileType = image.png; path = LoginFieldBG.png; sourceTree = "<group>"; };
		4CEBEE48184CE3D00018ABE0 /* Logo.png */ = {isa = PBXFileReference; lastKnownFileType = image.png; path = Logo.png; sourceTree = "<group>"; };
		4CEBEE49184CE3D00018ABE0 /* MainBG.png */ = {isa = PBXFileReference; lastKnownFileType = image.png; path = MainBG.png; sourceTree = "<group>"; };
		4CEBEE4A184CE3D00018ABE0 /* SignUp.png */ = {isa = PBXFileReference; lastKnownFileType = image.png; path = SignUp.png; sourceTree = "<group>"; };
		4CEBEE4B184CE3D00018ABE0 /* SignUpDown.png */ = {isa = PBXFileReference; lastKnownFileType = image.png; path = SignUpDown.png; sourceTree = "<group>"; };
		4CEBEE4C184CE3D00018ABE0 /* SignUpFieldBG.png */ = {isa = PBXFileReference; lastKnownFileType = image.png; path = SignUpFieldBG.png; sourceTree = "<group>"; };
		4CEBEE4D184CE3D00018ABE0 /* Twitter.png */ = {isa = PBXFileReference; lastKnownFileType = image.png; path = Twitter.png; sourceTree = "<group>"; };
		4CEBEE4E184CE3D00018ABE0 /* TwitterDown.png */ = {isa = PBXFileReference; lastKnownFileType = image.png; path = TwitterDown.png; sourceTree = "<group>"; };
		5B085EF440F545DD93B4A79C /* Pods.xcconfig */ = {isa = PBXFileReference; includeInIndex = 1; lastKnownFileType = text.xcconfig; name = Pods.xcconfig; path = Pods/Pods.xcconfig; sourceTree = "<group>"; };
		F724E3B98E8440059B00A6C0 /* libPods.a */ = {isa = PBXFileReference; explicitFileType = archive.ar; includeInIndex = 0; path = libPods.a; sourceTree = BUILT_PRODUCTS_DIR; };
/* End PBXFileReference section */

/* Begin PBXFrameworksBuildPhase section */
		4C31797218440EA700F7D41B /* Frameworks */ = {
			isa = PBXFrameworksBuildPhase;
			buildActionMask = 2147483647;
			files = (
				4CEBEE41184CE16C0018ABE0 /* CoreLocation.framework in Frameworks */,
				4CEBEE35184ADF0C0018ABE0 /* libxml2.dylib in Frameworks */,
				4CEBEE33184ADEFC0018ABE0 /* CoreFoundation.framework in Frameworks */,
				4CEBEE31184ADEE80018ABE0 /* MobileCoreServices.framework in Frameworks */,
				4CEBEE2F184ADEDF0018ABE0 /* CFNetwork.framework in Frameworks */,
				4CEBEE2D184ADEA80018ABE0 /* SystemConfiguration.framework in Frameworks */,
				4C3179CC1844107D00F7D41B /* MediaPlayer.framework in Frameworks */,
				4C3179CA1844107800F7D41B /* AVFoundation.framework in Frameworks */,
				4C3179C218440FAA00F7D41B /* CoreData.framework in Frameworks */,
				4C31797B18440EA700F7D41B /* CoreGraphics.framework in Frameworks */,
				4CD0D6F31851281800350E0C /* Parse.framework in Frameworks */,
				4C31797D18440EA700F7D41B /* UIKit.framework in Frameworks */,
				4C31797918440EA700F7D41B /* Foundation.framework in Frameworks */,
				EF77F77D7AA64C47900A60DB /* libPods.a in Frameworks */,
			);
			runOnlyForDeploymentPostprocessing = 0;
		};
		4C31799318440EA700F7D41B /* Frameworks */ = {
			isa = PBXFrameworksBuildPhase;
			buildActionMask = 2147483647;
			files = (
				4C31799818440EA700F7D41B /* XCTest.framework in Frameworks */,
				4C31799A18440EA700F7D41B /* UIKit.framework in Frameworks */,
				4C31799918440EA700F7D41B /* Foundation.framework in Frameworks */,
			);
			runOnlyForDeploymentPostprocessing = 0;
		};
/* End PBXFrameworksBuildPhase section */

/* Begin PBXGroup section */
		4C31796C18440EA700F7D41B = {
			isa = PBXGroup;
			children = (
				4C31797E18440EA700F7D41B /* Beet */,
				4C31799D18440EA700F7D41B /* BeetTests */,
				4C31797718440EA700F7D41B /* Frameworks */,
				4C31797618440EA700F7D41B /* Products */,
				5B085EF440F545DD93B4A79C /* Pods.xcconfig */,
			);
			sourceTree = "<group>";
		};
		4C31797618440EA700F7D41B /* Products */ = {
			isa = PBXGroup;
			children = (
				4C31797518440EA700F7D41B /* Beet.app */,
				4C31799618440EA700F7D41B /* BeetTests.xctest */,
			);
			name = Products;
			sourceTree = "<group>";
		};
		4C31797718440EA700F7D41B /* Frameworks */ = {
			isa = PBXGroup;
			children = (
				4CD0D6F21851281800350E0C /* Parse.framework */,
				4CEBEE40184CE16B0018ABE0 /* CoreLocation.framework */,
				4CEBEE34184ADF0C0018ABE0 /* libxml2.dylib */,
				4CEBEE32184ADEFC0018ABE0 /* CoreFoundation.framework */,
				4C3179C91844107800F7D41B /* AVFoundation.framework */,
				4CEBEE2E184ADEDF0018ABE0 /* CFNetwork.framework */,
				4C3179C118440FAA00F7D41B /* CoreData.framework */,
				4C31797A18440EA700F7D41B /* CoreGraphics.framework */,
				4C31797818440EA700F7D41B /* Foundation.framework */,
				4C3179CB1844107D00F7D41B /* MediaPlayer.framework */,
				4CEBEE30184ADEE80018ABE0 /* MobileCoreServices.framework */,
				4CEBEE2C184ADEA80018ABE0 /* SystemConfiguration.framework */,
				4C31797C18440EA700F7D41B /* UIKit.framework */,
				4C31799718440EA700F7D41B /* XCTest.framework */,
				F724E3B98E8440059B00A6C0 /* libPods.a */,
			);
			name = Frameworks;
			sourceTree = "<group>";
		};
		4C31797E18440EA700F7D41B /* Beet */ = {
			isa = PBXGroup;
			children = (
				4CEBEE42184CE3950018ABE0 /* Asset */,
				4C3179AF18440EF100F7D41B /* View */,
				4C3179AE18440EED00F7D41B /* Model */,
				4C3179AD18440EAD00F7D41B /* Controller */,
				4C31799018440EA700F7D41B /* Images.xcassets */,
				4C31797F18440EA700F7D41B /* Supporting Files */,
			);
			name = Beet;
			path = Music;
			sourceTree = "<group>";
		};
		4C31797F18440EA700F7D41B /* Supporting Files */ = {
			isa = PBXGroup;
			children = (
				4C3179B618440F5300F7D41B /* AppDelegate.h */,
				4C3179B718440F5300F7D41B /* AppDelegate.m */,
				4C3179CD184410C300F7D41B /* main.m */,
				4C3179CE184410C300F7D41B /* Beet-Info.plist */,
				4C3179CF184410C300F7D41B /* Beet-Prefix.pch */,
				4C31798118440EA700F7D41B /* InfoPlist.strings */,
			);
			name = "Supporting Files";
			sourceTree = "<group>";
		};
		4C31799D18440EA700F7D41B /* BeetTests */ = {
			isa = PBXGroup;
			children = (
				4C3179A318440EA700F7D41B /* MusicTests.m */,
				4C31799E18440EA700F7D41B /* Supporting Files */,
			);
			name = BeetTests;
			path = MusicTests;
			sourceTree = "<group>";
		};
		4C31799E18440EA700F7D41B /* Supporting Files */ = {
			isa = PBXGroup;
			children = (
				4C31799F18440EA700F7D41B /* BeetTests-Info.plist */,
				4C3179A018440EA700F7D41B /* InfoPlist.strings */,
			);
			name = "Supporting Files";
			sourceTree = "<group>";
		};
		4C3179AD18440EAD00F7D41B /* Controller */ = {
			isa = PBXGroup;
			children = (
				4CD0D6EF1851245400350E0C /* DrawerViewController */,
				4C4C900E1853A8EE00585F4E /* Archive */,
				4CEBEE36184CE05B0018ABE0 /* LogInAndSignUp */,
				4C4C900F1853AB4200585F4E /* SideMenu */,
				4CD0D6EC1851234900350E0C /* MainViewController.h */,
				4CD0D6ED1851234900350E0C /* MainViewController.m */,
				4C3179C51844103400F7D41B /* TableViewController.h */,
				4C3179C61844103400F7D41B /* TableViewController.m */,
				4C3179C31844103400F7D41B /* SampleMusicViewController.h */,
				4C3179C41844103400F7D41B /* SampleMusicViewController.m */,
			);
			name = Controller;
			sourceTree = "<group>";
		};
		4C3179AE18440EED00F7D41B /* Model */ = {
			isa = PBXGroup;
			children = (
				4C3179B018440F4800F7D41B /* Song.h */,
				4C3179B118440F4800F7D41B /* Song.m */,
				4C3179B218440F4800F7D41B /* Song.xcdatamodeld */,
			);
			name = Model;
			sourceTree = "<group>";
		};
		4C3179AF18440EF100F7D41B /* View */ = {
			isa = PBXGroup;
			children = (
				4C3179D41844112E00F7D41B /* Main.storyboard */,
			);
			name = View;
			sourceTree = "<group>";
		};
		4C4C900E1853A8EE00585F4E /* Archive */ = {
			isa = PBXGroup;
			children = (
				4CEBEE3B184CE0780018ABE0 /* SubclassConfigViewController.h */,
				4CEBEE3C184CE0780018ABE0 /* SubclassConfigViewController.m */,
			);
			name = Archive;
			sourceTree = "<group>";
		};
		4C4C900F1853AB4200585F4E /* SideMenu */ = {
			isa = PBXGroup;
			children = (
			);
			name = SideMenu;
			sourceTree = "<group>";
		};
		4CD0D6EF1851245400350E0C /* DrawerViewController */ = {
			isa = PBXGroup;
			children = (
				4CD0D7201851671700350E0C /* MMTableViewCell.h */,
				4CD0D7211851671700350E0C /* MMTableViewCell.m */,
				4CD0D7251851673E00350E0C /* MMCenterTableViewCell.h */,
				4CD0D7231851673900350E0C /* MMCenterTableViewCell.m */,
				4CD0D7121851667200350E0C /* Controller */,
				4CD0D70F185164F100350E0C /* MMLogoView.h */,
				4CD0D710185164F100350E0C /* MMLogoView.m */,
				4CD0D709185164DD00350E0C /* MMSideDrawerSectionHeaderView.h */,
				4CD0D70A185164DD00350E0C /* MMSideDrawerSectionHeaderView.m */,
				4CD0D70B185164DD00350E0C /* MMSideDrawerTableViewCell.h */,
				4CD0D70C185164DD00350E0C /* MMSideDrawerTableViewCell.m */,
				4CD0D6F418515CC100350E0C /* MMExampleCenterTableViewController.h */,
				4CD0D6F518515CC100350E0C /* MMExampleCenterTableViewController.m */,
				4CD0D6F618515CC100350E0C /* MMExampleDrawerVisualStateManager.h */,
				4CD0D6F718515CC100350E0C /* MMExampleDrawerVisualStateManager.m */,
				4CD0D6F818515CC100350E0C /* MMExampleLeftSideDrawerViewController.h */,
				4CD0D6F918515CC100350E0C /* MMExampleLeftSideDrawerViewController.m */,
				4CD0D6FA18515CC100350E0C /* MMExampleRightSideDrawerViewController.h */,
				4CD0D6FB18515CC100350E0C /* MMExampleRightSideDrawerViewController.m */,
				4CD0D6FC18515CC100350E0C /* MMExampleSideDrawerViewController.h */,
				4CD0D6FD18515CC100350E0C /* MMExampleSideDrawerViewController.m */,
				4CD0D6FE18515CC100350E0C /* MMExampleViewController.h */,
				4CD0D6FF18515CC100350E0C /* MMExampleViewController.m */,
				4CD0D70018515CC100350E0C /* MMNavigationController.h */,
				4CD0D70118515CC100350E0C /* MMNavigationController.m */,
			);
			name = DrawerViewController;
			sourceTree = "<group>";
		};
		4CD0D7121851667200350E0C /* Controller */ = {
			isa = PBXGroup;
			children = (
				4CD0D7131851667E00350E0C /* MMDrawerBarButtonItem.h */,
				4CD0D7141851667E00350E0C /* MMDrawerBarButtonItem.m */,
				4CD0D7151851667E00350E0C /* MMDrawerController.h */,
				4CD0D7161851667E00350E0C /* MMDrawerController.m */,
				4CD0D7171851667E00350E0C /* MMDrawerController+Subclass.h */,
				4CD0D7181851667E00350E0C /* MMDrawerVisualState.h */,
				4CD0D7191851667E00350E0C /* MMDrawerVisualState.m */,
				4CD0D71A1851667E00350E0C /* UIViewController+MMDrawerController.h */,
				4CD0D71B1851667E00350E0C /* UIViewController+MMDrawerController.m */,
			);
			name = Controller;
			sourceTree = "<group>";
		};
		4CEBEE36184CE05B0018ABE0 /* LogInAndSignUp */ = {
			isa = PBXGroup;
			children = (
				4CEBEE37184CE0780018ABE0 /* MyLogInViewController.h */,
				4CEBEE38184CE0780018ABE0 /* MyLogInViewController.m */,
				4CEBEE39184CE0780018ABE0 /* MySignUpViewController.h */,
				4CEBEE3A184CE0780018ABE0 /* MySignUpViewController.m */,
			);
			name = LogInAndSignUp;
			sourceTree = "<group>";
		};
		4CEBEE42184CE3950018ABE0 /* Asset */ = {
			isa = PBXGroup;
			children = (
				4CEBEE43184CE3D00018ABE0 /* Exit.png */,
				4CEBEE44184CE3D00018ABE0 /* ExitDown.png */,
				4CEBEE45184CE3D00018ABE0 /* Facebook.png */,
				4CEBEE46184CE3D00018ABE0 /* FacebookDown.png */,
				4CEBEE47184CE3D00018ABE0 /* LoginFieldBG.png */,
				4CEBEE48184CE3D00018ABE0 /* Logo.png */,
				4CEBEE49184CE3D00018ABE0 /* MainBG.png */,
				4CEBEE4A184CE3D00018ABE0 /* SignUp.png */,
				4CEBEE4B184CE3D00018ABE0 /* SignUpDown.png */,
				4CEBEE4C184CE3D00018ABE0 /* SignUpFieldBG.png */,
				4CEBEE4D184CE3D00018ABE0 /* Twitter.png */,
				4CEBEE4E184CE3D00018ABE0 /* TwitterDown.png */,
			);
			name = Asset;
			sourceTree = "<group>";
		};
/* End PBXGroup section */

/* Begin PBXNativeTarget section */
		4C31797418440EA700F7D41B /* Beet */ = {
			isa = PBXNativeTarget;
			buildConfigurationList = 4C3179A718440EA700F7D41B /* Build configuration list for PBXNativeTarget "Beet" */;
			buildPhases = (
				A8AA2109B7464B1AB8740320 /* Check Pods Manifest.lock */,
				4C31797118440EA700F7D41B /* Sources */,
				4C31797218440EA700F7D41B /* Frameworks */,
				4C31797318440EA700F7D41B /* Resources */,
				6CDA2CEC6AD640D6BC04B000 /* Copy Pods Resources */,
			);
			buildRules = (
			);
			dependencies = (
			);
			name = Beet;
			productName = Music;
			productReference = 4C31797518440EA700F7D41B /* Beet.app */;
			productType = "com.apple.product-type.application";
		};
		4C31799518440EA700F7D41B /* BeetTests */ = {
			isa = PBXNativeTarget;
			buildConfigurationList = 4C3179AA18440EA700F7D41B /* Build configuration list for PBXNativeTarget "BeetTests" */;
			buildPhases = (
				4C31799218440EA700F7D41B /* Sources */,
				4C31799318440EA700F7D41B /* Frameworks */,
				4C31799418440EA700F7D41B /* Resources */,
			);
			buildRules = (
			);
			dependencies = (
				4C31799C18440EA700F7D41B /* PBXTargetDependency */,
			);
			name = BeetTests;
			productName = MusicTests;
			productReference = 4C31799618440EA700F7D41B /* BeetTests.xctest */;
			productType = "com.apple.product-type.bundle.unit-test";
		};
/* End PBXNativeTarget section */

/* Begin PBXProject section */
		4C31796D18440EA700F7D41B /* Project object */ = {
			isa = PBXProject;
			attributes = {
				CLASSPREFIX = "";
				LastUpgradeCheck = 0500;
				ORGANIZATIONNAME = "Yuhua Mai";
				TargetAttributes = {
					4C31797418440EA700F7D41B = {
						DevelopmentTeam = R5K7Y3KE3N;
					};
					4C31799518440EA700F7D41B = {
						TestTargetID = 4C31797418440EA700F7D41B;
					};
				};
			};
			buildConfigurationList = 4C31797018440EA700F7D41B /* Build configuration list for PBXProject "Beet" */;
			compatibilityVersion = "Xcode 3.2";
			developmentRegion = English;
			hasScannedForEncodings = 0;
			knownRegions = (
				en,
				Base,
			);
			mainGroup = 4C31796C18440EA700F7D41B;
			productRefGroup = 4C31797618440EA700F7D41B /* Products */;
			projectDirPath = "";
			projectRoot = "";
			targets = (
				4C31797418440EA700F7D41B /* Beet */,
				4C31799518440EA700F7D41B /* BeetTests */,
			);
		};
/* End PBXProject section */

/* Begin PBXResourcesBuildPhase section */
		4C31797318440EA700F7D41B /* Resources */ = {
			isa = PBXResourcesBuildPhase;
			buildActionMask = 2147483647;
			files = (
				4C3179D1184410C300F7D41B /* Beet-Info.plist in Resources */,
				4C31799118440EA700F7D41B /* Images.xcassets in Resources */,
				4CEBEE57184CE3D00018ABE0 /* SignUpDown.png in Resources */,
				4CEBEE59184CE3D00018ABE0 /* Twitter.png in Resources */,
				4CEBEE55184CE3D00018ABE0 /* MainBG.png in Resources */,
				4CEBEE56184CE3D00018ABE0 /* SignUp.png in Resources */,
				4CEBEE54184CE3D00018ABE0 /* Logo.png in Resources */,
				4CEBEE51184CE3D00018ABE0 /* Facebook.png in Resources */,
				4CEBEE4F184CE3D00018ABE0 /* Exit.png in Resources */,
				4CEBEE50184CE3D00018ABE0 /* ExitDown.png in Resources */,
				4CEBEE52184CE3D00018ABE0 /* FacebookDown.png in Resources */,
				4CEBEE53184CE3D00018ABE0 /* LoginFieldBG.png in Resources */,
				4C31798318440EA700F7D41B /* InfoPlist.strings in Resources */,
				4CEBEE5A184CE3D00018ABE0 /* TwitterDown.png in Resources */,
				4C3179D61844112E00F7D41B /* Main.storyboard in Resources */,
				4CEBEE58184CE3D00018ABE0 /* SignUpFieldBG.png in Resources */,
			);
			runOnlyForDeploymentPostprocessing = 0;
		};
		4C31799418440EA700F7D41B /* Resources */ = {
			isa = PBXResourcesBuildPhase;
			buildActionMask = 2147483647;
			files = (
				4C3179A218440EA700F7D41B /* InfoPlist.strings in Resources */,
			);
			runOnlyForDeploymentPostprocessing = 0;
		};
/* End PBXResourcesBuildPhase section */

/* Begin PBXShellScriptBuildPhase section */
		6CDA2CEC6AD640D6BC04B000 /* Copy Pods Resources */ = {
			isa = PBXShellScriptBuildPhase;
			buildActionMask = 2147483647;
			files = (
			);
			inputPaths = (
			);
			name = "Copy Pods Resources";
			outputPaths = (
			);
			runOnlyForDeploymentPostprocessing = 0;
			shellPath = /bin/sh;
			shellScript = "\"${SRCROOT}/Pods/Pods-resources.sh\"\n";
			showEnvVarsInLog = 0;
		};
		A8AA2109B7464B1AB8740320 /* Check Pods Manifest.lock */ = {
			isa = PBXShellScriptBuildPhase;
			buildActionMask = 2147483647;
			files = (
			);
			inputPaths = (
			);
			name = "Check Pods Manifest.lock";
			outputPaths = (
			);
			runOnlyForDeploymentPostprocessing = 0;
			shellPath = /bin/sh;
			shellScript = "diff \"${PODS_ROOT}/../Podfile.lock\" \"${PODS_ROOT}/Manifest.lock\" > /dev/null\nif [[ $? != 0 ]] ; then\n    cat << EOM\nerror: The sandbox is not in sync with the Podfile.lock. Run 'pod install' or update your CocoaPods installation.\nEOM\n    exit 1\nfi\n";
			showEnvVarsInLog = 0;
		};
/* End PBXShellScriptBuildPhase section */

/* Begin PBXSourcesBuildPhase section */
		4C31797118440EA700F7D41B /* Sources */ = {
			isa = PBXSourcesBuildPhase;
			buildActionMask = 2147483647;
			files = (
				4CD0D70518515CC100350E0C /* MMExampleRightSideDrawerViewController.m in Sources */,
				4CD0D6EE1851234900350E0C /* MainViewController.m in Sources */,
				4CD0D70318515CC100350E0C /* MMExampleDrawerVisualStateManager.m in Sources */,
				4CD0D71F1851667E00350E0C /* UIViewController+MMDrawerController.m in Sources */,
				4CEBEE3F184CE0790018ABE0 /* SubclassConfigViewController.m in Sources */,
				4C3179C81844103400F7D41B /* TableViewController.m in Sources */,
				4CD0D70618515CC100350E0C /* MMExampleSideDrawerViewController.m in Sources */,
				4CD0D70418515CC100350E0C /* MMExampleLeftSideDrawerViewController.m in Sources */,
				4CD0D70D185164DD00350E0C /* MMSideDrawerSectionHeaderView.m in Sources */,
				4C3179C71844103400F7D41B /* SampleMusicViewController.m in Sources */,
				4CD0D7221851671700350E0C /* MMTableViewCell.m in Sources */,
				4C3179BA18440F5300F7D41B /* AppDelegate.m in Sources */,
				4CD0D70718515CC100350E0C /* MMExampleViewController.m in Sources */,
				4CD0D70818515CC100350E0C /* MMNavigationController.m in Sources */,
				4C3179B518440F4800F7D41B /* Song.xcdatamodeld in Sources */,
				4CD0D71E1851667E00350E0C /* MMDrawerVisualState.m in Sources */,
				4CD0D7241851673900350E0C /* MMCenterTableViewCell.m in Sources */,
				4CD0D71C1851667E00350E0C /* MMDrawerBarButtonItem.m in Sources */,
				4CD0D71D1851667E00350E0C /* MMDrawerController.m in Sources */,
				4CEBEE3D184CE0790018ABE0 /* MyLogInViewController.m in Sources */,
				4C3179D0184410C300F7D41B /* main.m in Sources */,
				4CD0D70218515CC100350E0C /* MMExampleCenterTableViewController.m in Sources */,
				4CEBEE3E184CE0790018ABE0 /* MySignUpViewController.m in Sources */,
				4CD0D711185164F100350E0C /* MMLogoView.m in Sources */,
				4CD0D70E185164DD00350E0C /* MMSideDrawerTableViewCell.m in Sources */,
				4C3179B418440F4800F7D41B /* Song.m in Sources */,
			);
			runOnlyForDeploymentPostprocessing = 0;
		};
		4C31799218440EA700F7D41B /* Sources */ = {
			isa = PBXSourcesBuildPhase;
			buildActionMask = 2147483647;
			files = (
				4C3179A418440EA700F7D41B /* MusicTests.m in Sources */,
			);
			runOnlyForDeploymentPostprocessing = 0;
		};
/* End PBXSourcesBuildPhase section */

/* Begin PBXTargetDependency section */
		4C31799C18440EA700F7D41B /* PBXTargetDependency */ = {
			isa = PBXTargetDependency;
			target = 4C31797418440EA700F7D41B /* Beet */;
			targetProxy = 4C31799B18440EA700F7D41B /* PBXContainerItemProxy */;
		};
/* End PBXTargetDependency section */

/* Begin PBXVariantGroup section */
		4C31798118440EA700F7D41B /* InfoPlist.strings */ = {
			isa = PBXVariantGroup;
			children = (
				4C31798218440EA700F7D41B /* en */,
			);
			name = InfoPlist.strings;
			sourceTree = "<group>";
		};
		4C3179A018440EA700F7D41B /* InfoPlist.strings */ = {
			isa = PBXVariantGroup;
			children = (
				4C3179A118440EA700F7D41B /* en */,
			);
			name = InfoPlist.strings;
			sourceTree = "<group>";
		};
		4C3179D41844112E00F7D41B /* Main.storyboard */ = {
			isa = PBXVariantGroup;
			children = (
				4C3179D51844112E00F7D41B /* en */,
			);
			name = Main.storyboard;
			sourceTree = "<group>";
		};
/* End PBXVariantGroup section */

/* Begin XCBuildConfiguration section */
		4C3179A518440EA700F7D41B /* Debug */ = {
			isa = XCBuildConfiguration;
			buildSettings = {
				ALWAYS_SEARCH_USER_PATHS = YES;
				ARCHS = "$(ARCHS_STANDARD_INCLUDING_64_BIT)";
				CLANG_CXX_LANGUAGE_STANDARD = "gnu++0x";
				CLANG_CXX_LIBRARY = "libc++";
				CLANG_ENABLE_MODULES = YES;
				CLANG_ENABLE_OBJC_ARC = YES;
				CLANG_WARN_BOOL_CONVERSION = YES;
				CLANG_WARN_CONSTANT_CONVERSION = YES;
				CLANG_WARN_DIRECT_OBJC_ISA_USAGE = YES_ERROR;
				CLANG_WARN_EMPTY_BODY = YES;
				CLANG_WARN_ENUM_CONVERSION = YES;
				CLANG_WARN_INT_CONVERSION = YES;
				CLANG_WARN_OBJC_ROOT_CLASS = YES_ERROR;
				CLANG_WARN__DUPLICATE_METHOD_MATCH = YES;
				"CODE_SIGN_IDENTITY[sdk=iphoneos*]" = "iPhone Developer";
				COPY_PHASE_STRIP = NO;
				GCC_C_LANGUAGE_STANDARD = gnu99;
				GCC_DYNAMIC_NO_PIC = NO;
				GCC_OPTIMIZATION_LEVEL = 0;
				GCC_PREPROCESSOR_DEFINITIONS = (
					"DEBUG=1",
					"$(inherited)",
				);
				GCC_SYMBOLS_PRIVATE_EXTERN = NO;
				GCC_WARN_64_TO_32_BIT_CONVERSION = YES;
				GCC_WARN_ABOUT_RETURN_TYPE = YES_ERROR;
				GCC_WARN_UNDECLARED_SELECTOR = YES;
				GCC_WARN_UNINITIALIZED_AUTOS = YES;
				GCC_WARN_UNUSED_FUNCTION = YES;
				GCC_WARN_UNUSED_VARIABLE = YES;
				IPHONEOS_DEPLOYMENT_TARGET = 7.0;
				ONLY_ACTIVE_ARCH = YES;
				SDKROOT = iphoneos;
			};
			name = Debug;
		};
		4C3179A618440EA700F7D41B /* Release */ = {
			isa = XCBuildConfiguration;
			buildSettings = {
				ALWAYS_SEARCH_USER_PATHS = YES;
				ARCHS = "$(ARCHS_STANDARD_INCLUDING_64_BIT)";
				CLANG_CXX_LANGUAGE_STANDARD = "gnu++0x";
				CLANG_CXX_LIBRARY = "libc++";
				CLANG_ENABLE_MODULES = YES;
				CLANG_ENABLE_OBJC_ARC = YES;
				CLANG_WARN_BOOL_CONVERSION = YES;
				CLANG_WARN_CONSTANT_CONVERSION = YES;
				CLANG_WARN_DIRECT_OBJC_ISA_USAGE = YES_ERROR;
				CLANG_WARN_EMPTY_BODY = YES;
				CLANG_WARN_ENUM_CONVERSION = YES;
				CLANG_WARN_INT_CONVERSION = YES;
				CLANG_WARN_OBJC_ROOT_CLASS = YES_ERROR;
				CLANG_WARN__DUPLICATE_METHOD_MATCH = YES;
				"CODE_SIGN_IDENTITY[sdk=iphoneos*]" = "iPhone Developer";
				COPY_PHASE_STRIP = YES;
				ENABLE_NS_ASSERTIONS = NO;
				GCC_C_LANGUAGE_STANDARD = gnu99;
				GCC_WARN_64_TO_32_BIT_CONVERSION = YES;
				GCC_WARN_ABOUT_RETURN_TYPE = YES_ERROR;
				GCC_WARN_UNDECLARED_SELECTOR = YES;
				GCC_WARN_UNINITIALIZED_AUTOS = YES;
				GCC_WARN_UNUSED_FUNCTION = YES;
				GCC_WARN_UNUSED_VARIABLE = YES;
				IPHONEOS_DEPLOYMENT_TARGET = 7.0;
				SDKROOT = iphoneos;
				VALIDATE_PRODUCT = YES;
			};
			name = Release;
		};
		4C3179A818440EA700F7D41B /* Debug */ = {
			isa = XCBuildConfiguration;
			baseConfigurationReference = 5B085EF440F545DD93B4A79C /* Pods.xcconfig */;
			buildSettings = {
				ASSETCATALOG_COMPILER_APPICON_NAME = AppIcon;
				ASSETCATALOG_COMPILER_LAUNCHIMAGE_NAME = LaunchImage;
				CODE_SIGN_IDENTITY = "iPhone Developer";
				FRAMEWORK_SEARCH_PATHS = (
					"$(inherited)",
					/Users/Michael/Desktop/github/Music,
					/Users/Michael/Developer/Parse,
					/Users/Michael/Developer/github/Beet,
					/Users/Michael/Developer/github/Beet/Music/Framework,
				);
				GCC_PRECOMPILE_PREFIX_HEADER = YES;
				GCC_PREFIX_HEADER = "Music/Beet-Prefix.pch";
				HEADER_SEARCH_PATHS = (
					"\"${PODS_ROOT}/Headers\"",
					"\"${PODS_ROOT}/Headers/AFNetworking\"",
					"\"${PODS_ROOT}/Headers/Facebook-iOS-SDK\"",
					"\"${PODS_ROOT}/Headers/Facebook-iOS-SDK/FacebookSDK\"",
					"\"${PODS_ROOT}/Headers/MMDrawerController\"/**",
				);
				INFOPLIST_FILE = "Music/Beet-Info.plist";
				IPHONEOS_DEPLOYMENT_TARGET = 7.0;
				OTHER_LDFLAGS = (
					"-framework",
					CoreGraphics,
					"-framework",
					MobileCoreServices,
					"-framework",
					QuartzCore,
					"-framework",
					Security,
					"-framework",
					SystemConfiguration,
				);
				PRODUCT_NAME = Beet;
				TARGETED_DEVICE_FAMILY = 1;
				WRAPPER_EXTENSION = app;
			};
			name = Debug;
		};
		4C3179A918440EA700F7D41B /* Release */ = {
			isa = XCBuildConfiguration;
			baseConfigurationReference = 5B085EF440F545DD93B4A79C /* Pods.xcconfig */;
			buildSettings = {
				ASSETCATALOG_COMPILER_APPICON_NAME = AppIcon;
				ASSETCATALOG_COMPILER_LAUNCHIMAGE_NAME = LaunchImage;
				CODE_SIGN_IDENTITY = "iPhone Developer";
				FRAMEWORK_SEARCH_PATHS = (
					"$(inherited)",
					/Users/Michael/Desktop/github/Music,
					/Users/Michael/Developer/Parse,
					/Users/Michael/Developer/github/Beet,
					/Users/Michael/Developer/github/Beet/Music/Framework,
				);
				GCC_PRECOMPILE_PREFIX_HEADER = YES;
				GCC_PREFIX_HEADER = "Music/Beet-Prefix.pch";
				HEADER_SEARCH_PATHS = (
					"\"${PODS_ROOT}/Headers\"",
					"\"${PODS_ROOT}/Headers/AFNetworking\"",
					"\"${PODS_ROOT}/Headers/Facebook-iOS-SDK\"",
					"\"${PODS_ROOT}/Headers/Facebook-iOS-SDK/FacebookSDK\"",
					"\"${PODS_ROOT}/Headers/MMDrawerController\"/**",
				);
				INFOPLIST_FILE = "Music/Beet-Info.plist";
				IPHONEOS_DEPLOYMENT_TARGET = 7.0;
				OTHER_LDFLAGS = (
					"-framework",
					CoreGraphics,
					"-framework",
					MobileCoreServices,
					"-framework",
					QuartzCore,
					"-framework",
					Security,
					"-framework",
					SystemConfiguration,
				);
				PRODUCT_NAME = Beet;
				TARGETED_DEVICE_FAMILY = 1;
				WRAPPER_EXTENSION = app;
			};
			name = Release;
		};
		4C3179AB18440EA700F7D41B /* Debug */ = {
			isa = XCBuildConfiguration;
			buildSettings = {
				ARCHS = "$(ARCHS_STANDARD_INCLUDING_64_BIT)";
				BUNDLE_LOADER = "$(BUILT_PRODUCTS_DIR)/Music.app/Music";
				FRAMEWORK_SEARCH_PATHS = (
					"$(SDKROOT)/Developer/Library/Frameworks",
					"$(inherited)",
					"$(DEVELOPER_FRAMEWORKS_DIR)",
				);
				GCC_PRECOMPILE_PREFIX_HEADER = YES;
				GCC_PREFIX_HEADER = "Music/Music-Prefix.pch";
				GCC_PREPROCESSOR_DEFINITIONS = (
					"DEBUG=1",
					"$(inherited)",
				);
				INFOPLIST_FILE = "MusicTests/BeetTests-Info.plist";
				PRODUCT_NAME = BeetTests;
				TEST_HOST = "$(BUNDLE_LOADER)";
				WRAPPER_EXTENSION = xctest;
			};
			name = Debug;
		};
		4C3179AC18440EA700F7D41B /* Release */ = {
			isa = XCBuildConfiguration;
			buildSettings = {
				ARCHS = "$(ARCHS_STANDARD_INCLUDING_64_BIT)";
				BUNDLE_LOADER = "$(BUILT_PRODUCTS_DIR)/Music.app/Music";
				FRAMEWORK_SEARCH_PATHS = (
					"$(SDKROOT)/Developer/Library/Frameworks",
					"$(inherited)",
					"$(DEVELOPER_FRAMEWORKS_DIR)",
				);
				GCC_PRECOMPILE_PREFIX_HEADER = YES;
				GCC_PREFIX_HEADER = "Music/Music-Prefix.pch";
				INFOPLIST_FILE = "MusicTests/BeetTests-Info.plist";
				PRODUCT_NAME = BeetTests;
				TEST_HOST = "$(BUNDLE_LOADER)";
				WRAPPER_EXTENSION = xctest;
			};
			name = Release;
		};
/* End XCBuildConfiguration section */

/* Begin XCConfigurationList section */
		4C31797018440EA700F7D41B /* Build configuration list for PBXProject "Beet" */ = {
			isa = XCConfigurationList;
			buildConfigurations = (
				4C3179A518440EA700F7D41B /* Debug */,
				4C3179A618440EA700F7D41B /* Release */,
			);
			defaultConfigurationIsVisible = 0;
			defaultConfigurationName = Release;
		};
		4C3179A718440EA700F7D41B /* Build configuration list for PBXNativeTarget "Beet" */ = {
			isa = XCConfigurationList;
			buildConfigurations = (
				4C3179A818440EA700F7D41B /* Debug */,
				4C3179A918440EA700F7D41B /* Release */,
			);
			defaultConfigurationIsVisible = 0;
			defaultConfigurationName = Release;
		};
		4C3179AA18440EA700F7D41B /* Build configuration list for PBXNativeTarget "BeetTests" */ = {
			isa = XCConfigurationList;
			buildConfigurations = (
				4C3179AB18440EA700F7D41B /* Debug */,
				4C3179AC18440EA700F7D41B /* Release */,
			);
			defaultConfigurationIsVisible = 0;
			defaultConfigurationName = Release;
		};
/* End XCConfigurationList section */

/* Begin XCVersionGroup section */
		4C3179B218440F4800F7D41B /* Song.xcdatamodeld */ = {
			isa = XCVersionGroup;
			children = (
				4C3179B318440F4800F7D41B /* Song.xcdatamodel */,
			);
			currentVersion = 4C3179B318440F4800F7D41B /* Song.xcdatamodel */;
			name = Song.xcdatamodeld;
			path = Model/Song.xcdatamodeld;
			sourceTree = "<group>";
			versionGroupType = wrapper.xcdatamodel;
		};
/* End XCVersionGroup section */
	};
	rootObject = 4C31796D18440EA700F7D41B /* Project object */;
}
